{
  "name": "@jentic/openapi-validator-speclynx",
  "version": "0.1.0",
  "lockfileVersion": 3,
  "requires": true,
  "packages": {
    "": {
      "name": "@jentic/openapi-validator-speclynx",
      "version": "0.1.0",
      "dependencies": {
        "@speclynx/apidom-core": "2.5.1",
        "@speclynx/apidom-datamodel": "2.5.1",
        "@speclynx/apidom-error": "2.5.1",
        "@speclynx/apidom-json-path": "2.5.1",
        "@speclynx/apidom-json-pointer": "2.5.1",
        "@speclynx/apidom-json-pointer-relative": "2.5.1",
        "@speclynx/apidom-ns-arazzo-1": "2.5.1",
        "@speclynx/apidom-ns-asyncapi-2": "2.5.1",
        "@speclynx/apidom-ns-json-schema-2019-09": "2.5.1",
        "@speclynx/apidom-ns-json-schema-2020-12": "2.5.1",
        "@speclynx/apidom-ns-json-schema-draft-4": "2.5.1",
        "@speclynx/apidom-ns-json-schema-draft-6": "2.5.1",
        "@speclynx/apidom-ns-json-schema-draft-7": "2.5.1",
        "@speclynx/apidom-ns-openapi-2": "2.5.1",
        "@speclynx/apidom-ns-openapi-3-0": "2.5.1",
        "@speclynx/apidom-ns-openapi-3-1": "2.5.1",
        "@speclynx/apidom-parser": "2.5.1",
        "@speclynx/apidom-parser-adapter-arazzo-json-1": "2.5.1",
        "@speclynx/apidom-parser-adapter-arazzo-yaml-1": "2.5.1",
        "@speclynx/apidom-parser-adapter-asyncapi-json-2": "2.5.1",
        "@speclynx/apidom-parser-adapter-asyncapi-yaml-2": "2.5.1",
        "@speclynx/apidom-parser-adapter-json": "2.5.1",
        "@speclynx/apidom-parser-adapter-json-schema-json-2020-12": "2.5.1",
        "@speclynx/apidom-parser-adapter-json-schema-yaml-2020-12": "2.5.1",
        "@speclynx/apidom-parser-adapter-openapi-json-2": "2.5.1",
        "@speclynx/apidom-parser-adapter-openapi-json-3-0": "2.5.1",
        "@speclynx/apidom-parser-adapter-openapi-json-3-1": "2.5.1",
        "@speclynx/apidom-parser-adapter-openapi-yaml-2": "2.5.1",
        "@speclynx/apidom-parser-adapter-openapi-yaml-3-0": "2.5.1",
        "@speclynx/apidom-parser-adapter-openapi-yaml-3-1": "2.5.1",
        "@speclynx/apidom-parser-adapter-yaml-1-2": "2.5.1",
        "@speclynx/apidom-reference": "2.5.1",
        "@speclynx/apidom-traverse": "2.5.1",
        "commander": "^14.0.2",
        "vscode-languageserver-types": "^3.17.5"
      },
      "bin": {
        "speclynx": "speclynx.mjs"
      }
    },
    "node_modules/@babel/runtime-corejs3": {
      "version": "7.29.0",
      "resolved": "https://registry.npmjs.org/@babel/runtime-corejs3/-/runtime-corejs3-7.29.0.tgz",
      "integrity": "sha512-TgUkdp71C9pIbBcHudc+gXZnihEDOjUAmXO1VO4HHGES7QLZcShR0stfKIxLSNIYx2fqhmJChOjm/wkF8wv4gA==",
      "dependencies": {
        "core-js-pure": "^3.48.0"
      },
      "engines": {
        "node": ">=6.9.0"
      }
    },
    "node_modules/@speclynx/apidom-core": {
      "version": "2.5.1",
      "resolved": "https://registry.npmjs.org/@speclynx/apidom-core/-/apidom-core-2.5.1.tgz",
      "integrity": "sha512-Oy9samqIkPF9RGgcWsE+dXv5EBXPv8FTIV2CCHE6B6cnJ+lW2oeYhh1AvRVLsAyxAyMAFvfqDmDFFh5tcic0iQ==",
      "dependencies": {
        "@babel/runtime-corejs3": "^7.28.4",
        "@speclynx/apidom-datamodel": "^2.5.1",
        "@speclynx/apidom-error": "^2.5.1",
        "@speclynx/apidom-traverse": "^2.5.1",
        "ramda": "~0.32.0",
        "ramda-adjunct": "^6.0.0",
        "short-unique-id": "^5.3.2",
        "ts-mixer": "^6.0.4",
        "yaml": "^2.8.2"
      }
    },
    "node_modules/@speclynx/apidom-datamodel": {
      "version": "2.5.1",
      "resolved": "https://registry.npmjs.org/@speclynx/apidom-datamodel/-/apidom-datamodel-2.5.1.tgz",
      "integrity": "sha512-r/ngY4h64pnFkhFk7AZqp80XUN1HpM79UF+O1MSqIJXcl02atno5RmjijdAs2agBG0OUXJpVRl3yHnBtxE69rw==",
      "dependencies": {
        "@babel/runtime-corejs3": "^7.28.4",
        "@speclynx/apidom-error": "^2.5.1",
        "ramda": "~0.32.0"
      }
    },
    "node_modules/@speclynx/apidom-error": {
      "version": "2.5.1",
      "resolved": "https://registry.npmjs.org/@speclynx/apidom-error/-/apidom-error-2.5.1.tgz",
      "integrity": "sha512-rSur5RAJIw1Vu7vxHXCMKQMR/HUedGdQ2UHGl+sdnTm1BGuHxUZ8CDfkP1guuKKkPE8ymiz1ksBiFIVat0fRHg==",
      "dependencies": {
        "@babel/runtime-corejs3": "^7.28.4"
      }
    },
    "node_modules/@speclynx/apidom-json-path": {
      "version": "2.5.1",
      "resolved": "https://registry.npmjs.org/@speclynx/apidom-json-path/-/apidom-json-path-2.5.1.tgz",
      "integrity": "sha512-ZoqLArMi7PTXPXU4JNgqPtZQ2DiDGI96YzW5VBIknLFMWP2l4PcfvPdtfyHN20oK07YrrC6bheDAtn9YgmRsjA==",
      "dependencies": {
        "@babel/runtime-corejs3": "^7.28.4",
        "@speclynx/apidom-datamodel": "^2.5.1",
        "@speclynx/apidom-error": "^2.5.1",
        "@swaggerexpert/jsonpath": "^4.0.3"
      }
    },
    "node_modules/@speclynx/apidom-json-pointer": {
      "version": "2.5.1",
      "resolved": "https://registry.npmjs.org/@speclynx/apidom-json-pointer/-/apidom-json-pointer-2.5.1.tgz",
      "integrity": "sha512-35XJ6MgSPeZdn/OmQX1WQ7gnsYaMlFiqHQ5WVfVuYrHeGmNB0h9SalpBmPlg8Qaa+reThwZnfjQBhzWl+8FMfg==",
      "dependencies": {
        "@babel/runtime-corejs3": "^7.28.4",
        "@speclynx/apidom-datamodel": "^2.5.1",
        "@speclynx/apidom-error": "^2.5.1",
        "@swaggerexpert/json-pointer": "^3.0.1"
      }
    },
    "node_modules/@speclynx/apidom-json-pointer-relative": {
      "version": "2.5.1",
      "resolved": "https://registry.npmjs.org/@speclynx/apidom-json-pointer-relative/-/apidom-json-pointer-relative-2.5.1.tgz",
      "integrity": "sha512-YRh6tQrJmO/LRfDmDv/8ZHMfUWYs8rxNuX/rjwfWHklk9oPDNE1OiubAZuomNE6HcYOSE0kfcLW/czskh9xF4Q==",
      "dependencies": {
        "@babel/runtime-corejs3": "^7.28.4",
        "@speclynx/apidom-core": "^2.5.1",
        "@speclynx/apidom-datamodel": "^2.5.1",
        "@speclynx/apidom-error": "^2.5.1",
        "@speclynx/apidom-json-pointer": "^2.5.1",
        "@speclynx/apidom-traverse": "^2.5.1",
        "ramda": "~0.32.0",
        "ramda-adjunct": "^6.0.0"
      }
    },
    "node_modules/@speclynx/apidom-ns-arazzo-1": {
      "version": "2.5.1",
      "resolved": "https://registry.npmjs.org/@speclynx/apidom-ns-arazzo-1/-/apidom-ns-arazzo-1-2.5.1.tgz",
      "integrity": "sha512-Th7y1oXQc5AIE7fI3rInL7nuPJ2smlBsbkUiR5erVo8Mrz2omxWGC5xBG0VVQorY9CpDZqDyKjrl0SE2NM0FaQ==",
      "dependencies": {
        "@babel/runtime-corejs3": "^7.28.4",
        "@speclynx/apidom-core": "^2.5.1",
        "@speclynx/apidom-datamodel": "^2.5.1",
        "@speclynx/apidom-ns-json-schema-2020-12": "^2.5.1",
        "@speclynx/apidom-traverse": "^2.5.1",
        "ramda": "~0.32.0",
        "ramda-adjunct": "^6.0.0",
        "ts-mixer": "^6.0.4"
      }
    },
    "node_modules/@speclynx/apidom-ns-asyncapi-2": {
      "version": "2.5.1",
      "resolved": "https://registry.npmjs.org/@speclynx/apidom-ns-asyncapi-2/-/apidom-ns-asyncapi-2-2.5.1.tgz",
      "integrity": "sha512-QOvtZiz90a7sxQ+Z88xGBkmCuKfLCETwIcMnTN+1S9D85in8+yW72AMQVaUmLTvnQpgFoHHPqc6q7VFteyhQMg==",
      "dependencies": {
        "@babel/runtime-corejs3": "^7.28.4",
        "@speclynx/apidom-core": "^2.5.1",
        "@speclynx/apidom-datamodel": "^2.5.1",
        "@speclynx/apidom-ns-json-schema-draft-7": "^2.5.1",
        "@speclynx/apidom-traverse": "^2.5.1",
        "ramda": "~0.32.0",
        "ramda-adjunct": "^6.0.0",
        "ts-mixer": "^6.0.4"
      }
    },
    "node_modules/@speclynx/apidom-ns-json-schema-2019-09": {
      "version": "2.5.1",
      "resolved": "https://registry.npmjs.org/@speclynx/apidom-ns-json-schema-2019-09/-/apidom-ns-json-schema-2019-09-2.5.1.tgz",
      "integrity": "sha512-1iJysWipmZ2/QJJXLPCJdj7D2Sq9SBMRVpuXkdklu7zau+g/i86LZ2qAfM5uJRphv6fFmKJzmcpbz1AdC3XHYw==",
      "dependencies": {
        "@babel/runtime-corejs3": "^7.28.4",
        "@speclynx/apidom-core": "^2.5.1",
        "@speclynx/apidom-datamodel": "^2.5.1",
        "@speclynx/apidom-error": "^2.5.1",
        "@speclynx/apidom-ns-json-schema-draft-6": "^2.5.1",
        "@speclynx/apidom-ns-json-schema-draft-7": "^2.5.1",
        "@speclynx/apidom-traverse": "^2.5.1",
        "ramda": "~0.32.0",
        "ramda-adjunct": "^6.0.0",
        "ts-mixer": "^6.0.4"
      }
    },
    "node_modules/@speclynx/apidom-ns-json-schema-2020-12": {
      "version": "2.5.1",
      "resolved": "https://registry.npmjs.org/@speclynx/apidom-ns-json-schema-2020-12/-/apidom-ns-json-schema-2020-12-2.5.1.tgz",
      "integrity": "sha512-m8f4zP61hDrjg1CsCX3rP/WekiNMfz1fWipsMhU6QiYZJqWrEWSiSI6SWAie0F32D+59sIPjsbf0x1Z5hv6OJA==",
      "dependencies": {
        "@babel/runtime-corejs3": "^7.28.4",
        "@speclynx/apidom-core": "^2.5.1",
        "@speclynx/apidom-datamodel": "^2.5.1",
        "@speclynx/apidom-error": "^2.5.1",
        "@speclynx/apidom-ns-json-schema-2019-09": "^2.5.1",
        "@speclynx/apidom-traverse": "^2.5.1",
        "ramda": "~0.32.0",
        "ramda-adjunct": "^6.0.0",
        "ts-mixer": "^6.0.4"
      }
    },
    "node_modules/@speclynx/apidom-ns-json-schema-draft-4": {
      "version": "2.5.1",
      "resolved": "https://registry.npmjs.org/@speclynx/apidom-ns-json-schema-draft-4/-/apidom-ns-json-schema-draft-4-2.5.1.tgz",
      "integrity": "sha512-Kydazld5TTjS0wVqZgXCiy3ouXWtBMVjLxCk7yI4Vo7LTzvinzJWq7GV8Z+UhZlwqFw9Smwd9HneRZ1Rc9IO7g==",
      "dependencies": {
        "@babel/runtime-corejs3": "^7.28.4",
        "@speclynx/apidom-core": "^2.5.1",
        "@speclynx/apidom-datamodel": "^2.5.1",
        "@speclynx/apidom-traverse": "^2.5.1",
        "ramda": "~0.32.0",
        "ramda-adjunct": "^6.0.0",
        "ts-mixer": "^6.0.4"
      }
    },
    "node_modules/@speclynx/apidom-ns-json-schema-draft-6": {
      "version": "2.5.1",
      "resolved": "https://registry.npmjs.org/@speclynx/apidom-ns-json-schema-draft-6/-/apidom-ns-json-schema-draft-6-2.5.1.tgz",
      "integrity": "sha512-zNyUpr7Oer9ugFD+ggQqBpeWw0x1IkpWE0Z5Xai8XEMhO8ElZ5YLS1QMBEXeJO4MwQEOA0e0Oe1o08Vkuyym1Q==",
      "dependencies": {
        "@babel/runtime-corejs3": "^7.28.4",
        "@speclynx/apidom-core": "^2.5.1",
        "@speclynx/apidom-datamodel": "^2.5.1",
        "@speclynx/apidom-error": "^2.5.1",
        "@speclynx/apidom-ns-json-schema-draft-4": "^2.5.1",
        "@speclynx/apidom-traverse": "^2.5.1",
        "ramda": "~0.32.0",
        "ramda-adjunct": "^6.0.0",
        "ts-mixer": "^6.0.4"
      }
    },
    "node_modules/@speclynx/apidom-ns-json-schema-draft-7": {
      "version": "2.5.1",
      "resolved": "https://registry.npmjs.org/@speclynx/apidom-ns-json-schema-draft-7/-/apidom-ns-json-schema-draft-7-2.5.1.tgz",
      "integrity": "sha512-bfBG5w00Xp+Tk7n/x8gEGxLgiw5fDT0YoGUadqmticLZ6+Yvjog95zxIJO2rPjG9yjVkBHZVLF+u3AHEq2Y0oQ==",
      "dependencies": {
        "@babel/runtime-corejs3": "^7.28.4",
        "@speclynx/apidom-core": "^2.5.1",
        "@speclynx/apidom-datamodel": "^2.5.1",
        "@speclynx/apidom-error": "^2.5.1",
        "@speclynx/apidom-ns-json-schema-draft-6": "^2.5.1",
        "@speclynx/apidom-traverse": "^2.5.1",
        "ramda": "~0.32.0",
        "ramda-adjunct": "^6.0.0",
        "ts-mixer": "^6.0.4"
      }
    },
    "node_modules/@speclynx/apidom-ns-openapi-2": {
      "version": "2.5.1",
      "resolved": "https://registry.npmjs.org/@speclynx/apidom-ns-openapi-2/-/apidom-ns-openapi-2-2.5.1.tgz",
      "integrity": "sha512-K0+74iEC6YGUQCdpXAkib4HI1Fq1YWkY5sxJEndBBDZYUrXkZTuRbGzI10Qzf3zKMGg711clGHhRd6l7AdSoFg==",
      "dependencies": {
        "@babel/runtime-corejs3": "^7.28.4",
        "@speclynx/apidom-core": "^2.5.1",
        "@speclynx/apidom-datamodel": "^2.5.1",
        "@speclynx/apidom-error": "^2.5.1",
        "@speclynx/apidom-ns-json-schema-draft-4": "^2.5.1",
        "@speclynx/apidom-traverse": "^2.5.1",
        "ramda": "~0.32.0",
        "ramda-adjunct": "^6.0.0",
        "ts-mixer": "^6.0.4"
      }
    },
    "node_modules/@speclynx/apidom-ns-openapi-3-0": {
      "version": "2.5.1",
      "resolved": "https://registry.npmjs.org/@speclynx/apidom-ns-openapi-3-0/-/apidom-ns-openapi-3-0-2.5.1.tgz",
      "integrity": "sha512-tkuT8xFdUqWwBy7tOCIbEv8yyHeqIYRaLX3sxAuwiQqVc1Gaa4TPufDsOZ1gTkcfvSEkeuiHGyn+6JaR2Crddw==",
      "dependencies": {
        "@babel/runtime-corejs3": "^7.28.4",
        "@speclynx/apidom-core": "^2.5.1",
        "@speclynx/apidom-datamodel": "^2.5.1",
        "@speclynx/apidom-error": "^2.5.1",
        "@speclynx/apidom-ns-json-schema-draft-4": "^2.5.1",
        "@speclynx/apidom-traverse": "^2.5.1",
        "ramda": "~0.32.0",
        "ramda-adjunct": "^6.0.0",
        "ts-mixer": "^6.0.4"
      }
    },
    "node_modules/@speclynx/apidom-ns-openapi-3-1": {
      "version": "2.5.1",
      "resolved": "https://registry.npmjs.org/@speclynx/apidom-ns-openapi-3-1/-/apidom-ns-openapi-3-1-2.5.1.tgz",
      "integrity": "sha512-YfJUeimPJyuWg9DwLRU4XiXI/Ef7+72Xn2kvWiUJjmtU12DXQz5gBuOhG9XIAW9qgcvsk9fWcIyCsA3Iefn9mg==",
      "dependencies": {
        "@babel/runtime-corejs3": "^7.28.4",
        "@speclynx/apidom-core": "^2.5.1",
        "@speclynx/apidom-datamodel": "^2.5.1",
        "@speclynx/apidom-json-pointer": "^2.5.1",
        "@speclynx/apidom-ns-json-schema-2020-12": "^2.5.1",
        "@speclynx/apidom-ns-openapi-3-0": "^2.5.1",
        "@speclynx/apidom-traverse": "^2.5.1",
        "ramda": "~0.32.0",
        "ramda-adjunct": "^6.0.0",
        "ts-mixer": "^6.0.4"
      }
    },
    "node_modules/@speclynx/apidom-parser": {
      "version": "2.5.1",
      "resolved": "https://registry.npmjs.org/@speclynx/apidom-parser/-/apidom-parser-2.5.1.tgz",
      "integrity": "sha512-wWXsUUHvqXNLVowjA3ZZT3fW2q8G4n3LLFCGHqcjtULWut8FILjAa/Zma7ycDiNd4lQTecuDtnrxWNqezCtnjg==",
      "dependencies": {
        "@babel/runtime-corejs3": "^7.28.4",
        "@speclynx/apidom-core": "^2.5.1",
        "@speclynx/apidom-datamodel": "^2.5.1",
        "@speclynx/apidom-error": "^2.5.1",
        "ramda": "~0.32.0",
        "ramda-adjunct": "^6.0.0"
      }
    },
    "node_modules/@speclynx/apidom-parser-adapter-arazzo-json-1": {
      "version": "2.5.1",
      "resolved": "https://registry.npmjs.org/@speclynx/apidom-parser-adapter-arazzo-json-1/-/apidom-parser-adapter-arazzo-json-1-2.5.1.tgz",
      "integrity": "sha512-wiHOOPjs//ykLh2m31TFmPRQEkuFd8UeHD66jnojXJ/xuaMDi9SNU9GpgTyBYkzFLRBYcxEEZgtV/AtbuLcBdA==",
      "dependencies": {
        "@babel/runtime-corejs3": "^7.28.4",
        "@speclynx/apidom-core": "^2.5.1",
        "@speclynx/apidom-datamodel": "^2.5.1",
        "@speclynx/apidom-ns-arazzo-1": "^2.5.1",
        "@speclynx/apidom-parser-adapter-json": "^2.5.1",
        "ramda": "~0.32.0",
        "ramda-adjunct": "^6.0.0"
      }
    },
    "node_modules/@speclynx/apidom-parser-adapter-arazzo-yaml-1": {
      "version": "2.5.1",
      "resolved": "https://registry.npmjs.org/@speclynx/apidom-parser-adapter-arazzo-yaml-1/-/apidom-parser-adapter-arazzo-yaml-1-2.5.1.tgz",
      "integrity": "sha512-9Rb2PDaAFnT4FCTEgTbnxhIIJGS8yt2SiJsYTaQ2pjpj6TLD95XZFpg9K8eyknfFZPT9Lp6fAGb823Mxt2a1Lw==",
      "dependencies": {
        "@babel/runtime-corejs3": "^7.28.4",
        "@speclynx/apidom-core": "^2.5.1",
        "@speclynx/apidom-datamodel": "^2.5.1",
        "@speclynx/apidom-ns-arazzo-1": "^2.5.1",
        "@speclynx/apidom-parser-adapter-yaml-1-2": "^2.5.1",
        "ramda": "~0.32.0",
        "ramda-adjunct": "^6.0.0"
      }
    },
    "node_modules/@speclynx/apidom-parser-adapter-asyncapi-json-2": {
      "version": "2.5.1",
      "resolved": "https://registry.npmjs.org/@speclynx/apidom-parser-adapter-asyncapi-json-2/-/apidom-parser-adapter-asyncapi-json-2-2.5.1.tgz",
      "integrity": "sha512-7t5S0CMm894CGXbHXxtJMdTtzIWp4PYU9M3dr3ZwssTvJuNXk5GVkQm0KpcH5MMshfc4PJz1DRatm56XN4S0pg==",
      "dependencies": {
        "@babel/runtime-corejs3": "^7.28.4",
        "@speclynx/apidom-core": "^2.5.1",
        "@speclynx/apidom-datamodel": "^2.5.1",
        "@speclynx/apidom-ns-asyncapi-2": "^2.5.1",
        "@speclynx/apidom-parser-adapter-json": "^2.5.1",
        "ramda": "~0.32.0",
        "ramda-adjunct": "^6.0.0"
      }
    },
    "node_modules/@speclynx/apidom-parser-adapter-asyncapi-yaml-2": {
      "version": "2.5.1",
      "resolved": "https://registry.npmjs.org/@speclynx/apidom-parser-adapter-asyncapi-yaml-2/-/apidom-parser-adapter-asyncapi-yaml-2-2.5.1.tgz",
      "integrity": "sha512-5a7l4VDJuiOffi+p7kC4efD96ioA8Qv1EgzAmqruXEgm6cBAr4IPPTfV14DSEL9DtT0FLwG0q2KEL/uYhqoEXg==",
      "dependencies": {
        "@babel/runtime-corejs3": "^7.28.4",
        "@speclynx/apidom-core": "^2.5.1",
        "@speclynx/apidom-datamodel": "^2.5.1",
        "@speclynx/apidom-ns-asyncapi-2": "^2.5.1",
        "@speclynx/apidom-parser-adapter-yaml-1-2": "^2.5.1",
        "ramda": "~0.32.0",
        "ramda-adjunct": "^6.0.0"
      }
    },
    "node_modules/@speclynx/apidom-parser-adapter-json": {
      "version": "2.5.1",
      "resolved": "https://registry.npmjs.org/@speclynx/apidom-parser-adapter-json/-/apidom-parser-adapter-json-2.5.1.tgz",
      "integrity": "sha512-Dmf0112C+zYFvrXLaQ0CKUJlShfWmP6qjdyiX7yqctlyttArQ5jF4KlAR4yoSFsNBXMIFVtzLLbFYmWH9S6fJg==",
      "dependencies": {
        "@babel/runtime-corejs3": "^7.28.4",
        "@speclynx/apidom-core": "^2.5.1",
        "@speclynx/apidom-datamodel": "^2.5.1",
        "@speclynx/apidom-error": "^2.5.1",
        "web-tree-sitter": "=0.26.3"
      }
    },
    "node_modules/@speclynx/apidom-parser-adapter-json-schema-json-2020-12": {
      "version": "2.5.1",
      "resolved": "https://registry.npmjs.org/@speclynx/apidom-parser-adapter-json-schema-json-2020-12/-/apidom-parser-adapter-json-schema-json-2020-12-2.5.1.tgz",
      "integrity": "sha512-wXBuvJRQHZFbA7v8d02edSeE1NmjmBkvjqr7hjdZCIDpq9FLoBsktHu2TVddZhDv7x4vvfe6CxmzxHMpeK/iSQ==",
      "dependencies": {
        "@babel/runtime-corejs3": "^7.28.4",
        "@speclynx/apidom-core": "^2.5.1",
        "@speclynx/apidom-datamodel": "^2.5.1",
        "@speclynx/apidom-ns-json-schema-2020-12": "^2.5.1",
        "@speclynx/apidom-parser-adapter-json": "^2.5.1",
        "ramda": "~0.32.0",
        "ramda-adjunct": "^6.0.0"
      }
    },
    "node_modules/@speclynx/apidom-parser-adapter-json-schema-yaml-2020-12": {
      "version": "2.5.1",
      "resolved": "https://registry.npmjs.org/@speclynx/apidom-parser-adapter-json-schema-yaml-2020-12/-/apidom-parser-adapter-json-schema-yaml-2020-12-2.5.1.tgz",
      "integrity": "sha512-YCYXcZ+CHJxl938Qbsm20vAVHJHCdO6Fqlwx27ny94C8xN5kmH/c2F3eXUutApt1iszJDLiXJcF6dfKAvKh2Vg==",
      "dependencies": {
        "@babel/runtime-corejs3": "^7.28.4",
        "@speclynx/apidom-core": "^2.5.1",
        "@speclynx/apidom-datamodel": "^2.5.1",
        "@speclynx/apidom-ns-json-schema-2020-12": "^2.5.1",
        "@speclynx/apidom-parser-adapter-yaml-1-2": "^2.5.1",
        "ramda": "~0.32.0",
        "ramda-adjunct": "^6.0.0"
      }
    },
    "node_modules/@speclynx/apidom-parser-adapter-openapi-json-2": {
      "version": "2.5.1",
      "resolved": "https://registry.npmjs.org/@speclynx/apidom-parser-adapter-openapi-json-2/-/apidom-parser-adapter-openapi-json-2-2.5.1.tgz",
      "integrity": "sha512-gdkYmIGw/prsaUvYc+QM8KtkeEuk89phQJvnZe/WrdSPVTKRzLlMhhA6LACb6M3VkXEXpuAOEnjebc2/U+QVbA==",
      "dependencies": {
        "@babel/runtime-corejs3": "^7.28.4",
        "@speclynx/apidom-core": "^2.5.1",
        "@speclynx/apidom-datamodel": "^2.5.1",
        "@speclynx/apidom-ns-openapi-2": "^2.5.1",
        "@speclynx/apidom-parser-adapter-json": "^2.5.1",
        "ramda": "~0.32.0",
        "ramda-adjunct": "^6.0.0"
      }
    },
    "node_modules/@speclynx/apidom-parser-adapter-openapi-json-3-0": {
      "version": "2.5.1",
      "resolved": "https://registry.npmjs.org/@speclynx/apidom-parser-adapter-openapi-json-3-0/-/apidom-parser-adapter-openapi-json-3-0-2.5.1.tgz",
      "integrity": "sha512-HIg+WLWG4jpIjseZwXYku4ufgCdl0Gpb8L/aLNhOJ2NeesmD9vPwQPllV4v8mNHGm4Q1FwutGV3lo1m76RIImA==",
      "dependencies": {
        "@babel/runtime-corejs3": "^7.28.4",
        "@speclynx/apidom-core": "^2.5.1",
        "@speclynx/apidom-datamodel": "^2.5.1",
        "@speclynx/apidom-ns-openapi-3-0": "^2.5.1",
        "@speclynx/apidom-parser-adapter-json": "^2.5.1",
        "ramda": "~0.32.0",
        "ramda-adjunct": "^6.0.0"
      }
    },
    "node_modules/@speclynx/apidom-parser-adapter-openapi-json-3-1": {
      "version": "2.5.1",
      "resolved": "https://registry.npmjs.org/@speclynx/apidom-parser-adapter-openapi-json-3-1/-/apidom-parser-adapter-openapi-json-3-1-2.5.1.tgz",
      "integrity": "sha512-IZy4ybUSro494eIFQb0jbsYGD7fuIBuYvuoBy2T3xRzIGOxhJ6Mj+jSWWFOlN9pehCqt9UnAWxJh+4O/jWw3yA==",
      "dependencies": {
        "@babel/runtime-corejs3": "^7.28.4",
        "@speclynx/apidom-core": "^2.5.1",
        "@speclynx/apidom-datamodel": "^2.5.1",
        "@speclynx/apidom-ns-openapi-3-1": "^2.5.1",
        "@speclynx/apidom-parser-adapter-json": "^2.5.1",
        "ramda": "~0.32.0",
        "ramda-adjunct": "^6.0.0"
      }
    },
    "node_modules/@speclynx/apidom-parser-adapter-openapi-yaml-2": {
      "version": "2.5.1",
      "resolved": "https://registry.npmjs.org/@speclynx/apidom-parser-adapter-openapi-yaml-2/-/apidom-parser-adapter-openapi-yaml-2-2.5.1.tgz",
      "integrity": "sha512-U7EDOd3V3Ea9zrtbK8b5OqrlsAKtLskBpHg3Q34supsaxkttO0K7h+Ck9GQF6QvCGs9tsAz8/yWiFWNHN0kktw==",
      "dependencies": {
        "@babel/runtime-corejs3": "^7.28.4",
        "@speclynx/apidom-core": "^2.5.1",
        "@speclynx/apidom-datamodel": "^2.5.1",
        "@speclynx/apidom-ns-openapi-2": "^2.5.1",
        "@speclynx/apidom-parser-adapter-yaml-1-2": "^2.5.1",
        "ramda": "~0.32.0",
        "ramda-adjunct": "^6.0.0"
      }
    },
    "node_modules/@speclynx/apidom-parser-adapter-openapi-yaml-3-0": {
      "version": "2.5.1",
      "resolved": "https://registry.npmjs.org/@speclynx/apidom-parser-adapter-openapi-yaml-3-0/-/apidom-parser-adapter-openapi-yaml-3-0-2.5.1.tgz",
      "integrity": "sha512-U08tOMhRyzb7OJdOuYloD5yMcLd/WzE8kic+jaXbcqgj6gywsia+qUZnEK/3uG9nv2uVZ4fOlGPHZH2rbKIjig==",
      "dependencies": {
        "@babel/runtime-corejs3": "^7.28.4",
        "@speclynx/apidom-core": "^2.5.1",
        "@speclynx/apidom-datamodel": "^2.5.1",
        "@speclynx/apidom-ns-openapi-3-0": "^2.5.1",
        "@speclynx/apidom-parser-adapter-yaml-1-2": "^2.5.1",
        "ramda": "~0.32.0",
        "ramda-adjunct": "^6.0.0"
      }
    },
    "node_modules/@speclynx/apidom-parser-adapter-openapi-yaml-3-1": {
      "version": "2.5.1",
      "resolved": "https://registry.npmjs.org/@speclynx/apidom-parser-adapter-openapi-yaml-3-1/-/apidom-parser-adapter-openapi-yaml-3-1-2.5.1.tgz",
      "integrity": "sha512-2cx6C7exNCYCiWLiHEF/NqzTH0wACRjjM0UrD1X4tQwkXg7TpHLZso5l67alJbLT1tPVTtc4rddbRbmK9BcRKQ==",
      "dependencies": {
        "@babel/runtime-corejs3": "^7.28.4",
        "@speclynx/apidom-core": "^2.5.1",
        "@speclynx/apidom-datamodel": "^2.5.1",
        "@speclynx/apidom-ns-openapi-3-1": "^2.5.1",
        "@speclynx/apidom-parser-adapter-yaml-1-2": "^2.5.1",
        "ramda": "~0.32.0",
        "ramda-adjunct": "^6.0.0"
      }
    },
    "node_modules/@speclynx/apidom-parser-adapter-yaml-1-2": {
      "version": "2.5.1",
      "resolved": "https://registry.npmjs.org/@speclynx/apidom-parser-adapter-yaml-1-2/-/apidom-parser-adapter-yaml-1-2-2.5.1.tgz",
      "integrity": "sha512-3U3AbenVgUBoQJi/zZwUcQfA640K2f0nTARQXctpnlhcpkdcVHdlQBKl0q7Qs9J6pETFW7tVHYpvkaezaMqPOQ==",
      "dependencies": {
        "@babel/runtime-corejs3": "^7.28.4",
        "@speclynx/apidom-core": "^2.5.1",
        "@speclynx/apidom-datamodel": "^2.5.1",
        "@speclynx/apidom-error": "^2.5.1",
        "ramda": "~0.32.0",
        "ramda-adjunct": "^6.0.0",
        "unraw": "^3.0.0",
        "web-tree-sitter": "=0.26.3",
        "yaml": "^2.8.2"
      }
    },
    "node_modules/@speclynx/apidom-reference": {
      "version": "2.5.1",
      "resolved": "https://registry.npmjs.org/@speclynx/apidom-reference/-/apidom-reference-2.5.1.tgz",
      "integrity": "sha512-auEPfOwggAFdB8iZ68ckrlUMRAgpxeas+xz6gm2NP8k3RkhWFwJATjVgtEKFSbkyM/FnLAt6ZDd61qzLdkgKtg==",
      "dependencies": {
        "@babel/runtime-corejs3": "^7.28.4",
        "@speclynx/apidom-core": "^2.5.1",
        "@speclynx/apidom-datamodel": "^2.5.1",
        "@speclynx/apidom-error": "^2.5.1",
        "@speclynx/apidom-json-pointer": "^2.5.1",
        "@speclynx/apidom-ns-arazzo-1": "^2.5.1",
        "@speclynx/apidom-ns-asyncapi-2": "^2.5.1",
        "@speclynx/apidom-ns-json-schema-2020-12": "^2.5.1",
        "@speclynx/apidom-ns-openapi-2": "^2.5.1",
        "@speclynx/apidom-ns-openapi-3-0": "^2.5.1",
        "@speclynx/apidom-ns-openapi-3-1": "^2.5.1",
        "@speclynx/apidom-parser-adapter-arazzo-json-1": "^2.5.1",
        "@speclynx/apidom-parser-adapter-arazzo-yaml-1": "^2.5.1",
        "@speclynx/apidom-parser-adapter-asyncapi-json-2": "^2.5.1",
        "@speclynx/apidom-parser-adapter-asyncapi-yaml-2": "^2.5.1",
        "@speclynx/apidom-parser-adapter-json": "^2.5.1",
        "@speclynx/apidom-parser-adapter-openapi-json-2": "^2.5.1",
        "@speclynx/apidom-parser-adapter-openapi-json-3-0": "^2.5.1",
        "@speclynx/apidom-parser-adapter-openapi-json-3-1": "^2.5.1",
        "@speclynx/apidom-parser-adapter-openapi-yaml-2": "^2.5.1",
        "@speclynx/apidom-parser-adapter-openapi-yaml-3-0": "^2.5.1",
        "@speclynx/apidom-parser-adapter-openapi-yaml-3-1": "^2.5.1",
        "@speclynx/apidom-parser-adapter-yaml-1-2": "^2.5.1",
        "@speclynx/apidom-traverse": "^2.5.1",
        "@swaggerexpert/arazzo-runtime-expression": "^2.0.2",
        "axios": "^1.13.0",
        "minimatch": "^7.4.6",
        "process": "^0.11.10",
        "ramda": "~0.32.0",
        "ramda-adjunct": "^6.0.0"
      }
    },
    "node_modules/@speclynx/apidom-traverse": {
      "version": "2.5.1",
      "resolved": "https://registry.npmjs.org/@speclynx/apidom-traverse/-/apidom-traverse-2.5.1.tgz",
      "integrity": "sha512-IWqfY/R7lLbKW0bKNUPUil9lT2qvomqhQbipwuVNxmvKm+gtSdb9v0vHNZrBtBhf3estttCxhEWuYRJhNXQDIQ==",
      "dependencies": {
        "@babel/runtime-corejs3": "^7.28.4",
        "@speclynx/apidom-datamodel": "^2.5.1",
        "@speclynx/apidom-error": "^2.5.1",
        "@speclynx/apidom-json-path": "^2.5.1",
        "@speclynx/apidom-json-pointer": "^2.5.1",
        "ramda-adjunct": "^6.0.0"
      }
    },
    "node_modules/@swaggerexpert/arazzo-runtime-expression": {
      "version": "2.0.2",
      "resolved": "https://registry.npmjs.org/@swaggerexpert/arazzo-runtime-expression/-/arazzo-runtime-expression-2.0.2.tgz",
      "integrity": "sha512-FijBlpLdfRfoeTIKz8d4t0hKp6bxjlPsM4awIsGlQYfjnSsn5X7bMc8aaDbCcG+gaitn66ZSFZLirmd5PdUjCg==",
      "dependencies": {
        "apg-lite": "^1.0.5"
      },
      "engines": {
        "node": ">=16.14.0"
      }
    },
    "node_modules/@swaggerexpert/json-pointer": {
      "version": "3.0.1",
      "resolved": "https://registry.npmjs.org/@swaggerexpert/json-pointer/-/json-pointer-3.0.1.tgz",
      "integrity": "sha512-ujx/rESoBo+/ytYh+kqP2pY3+M0WkbISfoR9N6/CazQMHkRrFqK/nmzO9tFg4DfdHmwEFcJEAhTtDDF1d0H9Hg==",
      "dependencies": {
        "apg-lite": "^1.0.5"
      },
      "engines": {
        "node": ">=12.20.0"
      }
    },
    "node_modules/@swaggerexpert/jsonpath": {
      "version": "4.0.3",
      "resolved": "https://registry.npmjs.org/@swaggerexpert/jsonpath/-/jsonpath-4.0.3.tgz",
      "integrity": "sha512-ttXX1KATYGCdQbvXOAq7WN9WQ5Dx2Wshgj2M1dG4oARyPH5puxCVsAzB5qsz/2K08cJ6kNY6iOk6AlSj5zK/8g==",
      "dependencies": {
        "apg-lite": "^1.0.5"
      },
      "engines": {
        "node": ">=16.14.0"
      }
    },
    "node_modules/apg-lite": {
      "version": "1.0.5",
      "resolved": "https://registry.npmjs.org/apg-lite/-/apg-lite-1.0.5.tgz",
      "integrity": "sha512-SlI+nLMQDzCZfS39ihzjGp3JNBQfJXyMi6cg9tkLOCPVErgFsUIAEdO9IezR7kbP5Xd0ozcPNQBkf9TO5cHgWw=="
    },
    "node_modules/asynckit": {
      "version": "0.4.0",
      "resolved": "https://registry.npmjs.org/asynckit/-/asynckit-0.4.0.tgz",
      "integrity": "sha512-Oei9OH4tRh0YqU3GxhX79dM/mwVgvbZJaSNaRk+bshkj0S5cfHcgYakreBjrHwatXKbz+IoIdYLxrKim2MjW0Q=="
    },
    "node_modules/axios": {
      "version": "1.13.4",
      "resolved": "https://registry.npmjs.org/axios/-/axios-1.13.4.tgz",
      "integrity": "sha512-1wVkUaAO6WyaYtCkcYCOx12ZgpGf9Zif+qXa4n+oYzK558YryKqiL6UWwd5DqiH3VRW0GYhTZQ/vlgJrCoNQlg==",
      "dependencies": {
        "follow-redirects": "^1.15.6",
        "form-data": "^4.0.4",
        "proxy-from-env": "^1.1.0"
      }
    },
    "node_modules/balanced-match": {
      "version": "1.0.2",
      "resolved": "https://registry.npmjs.org/balanced-match/-/balanced-match-1.0.2.tgz",
      "integrity": "sha512-3oSeUO0TMV67hN1AmbXsK4yaqU7tjiHlbxRDZOpH0KW9+CeX4bRAaX0Anxt0tx2MrpRpWwQaPwIlISEJhYU5Pw=="
    },
    "node_modules/brace-expansion": {
      "version": "2.0.2",
      "resolved": "https://registry.npmjs.org/brace-expansion/-/brace-expansion-2.0.2.tgz",
      "integrity": "sha512-Jt0vHyM+jmUBqojB7E1NIYadt0vI0Qxjxd2TErW94wDz+E2LAm5vKMXXwg6ZZBTHPuUlDgQHKXvjGBdfcF1ZDQ==",
      "dependencies": {
        "balanced-match": "^1.0.0"
      }
    },
    "node_modules/call-bind-apply-helpers": {
      "version": "1.0.2",
      "resolved": "https://registry.npmjs.org/call-bind-apply-helpers/-/call-bind-apply-helpers-1.0.2.tgz",
      "integrity": "sha512-Sp1ablJ0ivDkSzjcaJdxEunN5/XvksFJ2sMBFfq6x0ryhQV/2b/KwFe21cMpmHtPOSij8K99/wSfoEuTObmuMQ==",
      "dependencies": {
        "es-errors": "^1.3.0",
        "function-bind": "^1.1.2"
      },
      "engines": {
        "node": ">= 0.4"
      }
    },
    "node_modules/combined-stream": {
      "version": "1.0.8",
      "resolved": "https://registry.npmjs.org/combined-stream/-/combined-stream-1.0.8.tgz",
      "integrity": "sha512-FQN4MRfuJeHf7cBbBMJFXhKSDq+2kAArBlmRBvcvFE5BB1HZKXtSFASDhdlz9zOYwxh8lDdnvmMOe/+5cdoEdg==",
      "dependencies": {
        "delayed-stream": "~1.0.0"
      },
      "engines": {
        "node": ">= 0.8"
      }
    },
    "node_modules/commander": {
      "version": "14.0.3",
      "resolved": "https://registry.npmjs.org/commander/-/commander-14.0.3.tgz",
      "integrity": "sha512-H+y0Jo/T1RZ9qPP4Eh1pkcQcLRglraJaSLoyOtHxu6AapkjWVCy2Sit1QQ4x3Dng8qDlSsZEet7g5Pq06MvTgw==",
      "engines": {
        "node": ">=20"
      }
    },
    "node_modules/core-js-pure": {
      "version": "3.48.0",
      "resolved": "https://registry.npmjs.org/core-js-pure/-/core-js-pure-3.48.0.tgz",
      "integrity": "sha512-1slJgk89tWC51HQ1AEqG+s2VuwpTRr8ocu4n20QUcH1v9lAN0RXen0Q0AABa/DK1I7RrNWLucplOHMx8hfTGTw==",
      "hasInstallScript": true,
      "funding": {
        "type": "opencollective",
        "url": "https://opencollective.com/core-js"
      }
    },
    "node_modules/delayed-stream": {
      "version": "1.0.0",
      "resolved": "https://registry.npmjs.org/delayed-stream/-/delayed-stream-1.0.0.tgz",
      "integrity": "sha512-ZySD7Nf91aLB0RxL4KGrKHBXl7Eds1DAmEdcoVawXnLD7SDhpNgtuII2aAkg7a7QS41jxPSZ17p4VdGnMHk3MQ==",
      "engines": {
        "node": ">=0.4.0"
      }
    },
    "node_modules/dunder-proto": {
      "version": "1.0.1",
      "resolved": "https://registry.npmjs.org/dunder-proto/-/dunder-proto-1.0.1.tgz",
      "integrity": "sha512-KIN/nDJBQRcXw0MLVhZE9iQHmG68qAVIBg9CqmUYjmQIhgij9U5MFvrqkUL5FbtyyzZuOeOt0zdeRe4UY7ct+A==",
      "dependencies": {
        "call-bind-apply-helpers": "^1.0.1",
        "es-errors": "^1.3.0",
        "gopd": "^1.2.0"
      },
      "engines": {
        "node": ">= 0.4"
      }
    },
    "node_modules/es-define-property": {
      "version": "1.0.1",
      "resolved": "https://registry.npmjs.org/es-define-property/-/es-define-property-1.0.1.tgz",
      "integrity": "sha512-e3nRfgfUZ4rNGL232gUgX06QNyyez04KdjFrF+LTRoOXmrOgFKDg4BCdsjW8EnT69eqdYGmRpJwiPVYNrCaW3g==",
      "engines": {
        "node": ">= 0.4"
      }
    },
    "node_modules/es-errors": {
      "version": "1.3.0",
      "resolved": "https://registry.npmjs.org/es-errors/-/es-errors-1.3.0.tgz",
      "integrity": "sha512-Zf5H2Kxt2xjTvbJvP2ZWLEICxA6j+hAmMzIlypy4xcBg1vKVnx89Wy0GbS+kf5cwCVFFzdCFh2XSCFNULS6csw==",
      "engines": {
        "node": ">= 0.4"
      }
    },
    "node_modules/es-object-atoms": {
      "version": "1.1.1",
      "resolved": "https://registry.npmjs.org/es-object-atoms/-/es-object-atoms-1.1.1.tgz",
      "integrity": "sha512-FGgH2h8zKNim9ljj7dankFPcICIK9Cp5bm+c2gQSYePhpaG5+esrLODihIorn+Pe6FGJzWhXQotPv73jTaldXA==",
      "dependencies": {
        "es-errors": "^1.3.0"
      },
      "engines": {
        "node": ">= 0.4"
      }
    },
    "node_modules/es-set-tostringtag": {
      "version": "2.1.0",
      "resolved": "https://registry.npmjs.org/es-set-tostringtag/-/es-set-tostringtag-2.1.0.tgz",
      "integrity": "sha512-j6vWzfrGVfyXxge+O0x5sh6cvxAog0a/4Rdd2K36zCMV5eJ+/+tOAngRO8cODMNWbVRdVlmGZQL2YS3yR8bIUA==",
      "dependencies": {
        "es-errors": "^1.3.0",
        "get-intrinsic": "^1.2.6",
        "has-tostringtag": "^1.0.2",
        "hasown": "^2.0.2"
      },
      "engines": {
        "node": ">= 0.4"
      }
    },
    "node_modules/follow-redirects": {
      "version": "1.15.11",
      "resolved": "https://registry.npmjs.org/follow-redirects/-/follow-redirects-1.15.11.tgz",
      "integrity": "sha512-deG2P0JfjrTxl50XGCDyfI97ZGVCxIpfKYmfyrQ54n5FO/0gfIES8C/Psl6kWVDolizcaaxZJnTS0QSMxvnsBQ==",
      "funding": [
        {
          "type": "individual",
          "url": "https://github.com/sponsors/RubenVerborgh"
        }
      ],
      "engines": {
        "node": ">=4.0"
      },
      "peerDependenciesMeta": {
        "debug": {
          "optional": true
        }
      }
    },
    "node_modules/form-data": {
      "version": "4.0.5",
      "resolved": "https://registry.npmjs.org/form-data/-/form-data-4.0.5.tgz",
      "integrity": "sha512-8RipRLol37bNs2bhoV67fiTEvdTrbMUYcFTiy3+wuuOnUog2QBHCZWXDRijWQfAkhBj2Uf5UnVaiWwA5vdd82w==",
      "dependencies": {
        "asynckit": "^0.4.0",
        "combined-stream": "^1.0.8",
        "es-set-tostringtag": "^2.1.0",
        "hasown": "^2.0.2",
        "mime-types": "^2.1.12"
      },
      "engines": {
        "node": ">= 6"
      }
    },
    "node_modules/function-bind": {
      "version": "1.1.2",
      "resolved": "https://registry.npmjs.org/function-bind/-/function-bind-1.1.2.tgz",
      "integrity": "sha512-7XHNxH7qX9xG5mIwxkhumTox/MIRNcOgDrxWsMt2pAr23WHp6MrRlN7FBSFpCpr+oVO0F744iUgR82nJMfG2SA==",
      "funding": {
        "url": "https://github.com/sponsors/ljharb"
      }
    },
    "node_modules/get-intrinsic": {
      "version": "1.3.0",
      "resolved": "https://registry.npmjs.org/get-intrinsic/-/get-intrinsic-1.3.0.tgz",
      "integrity": "sha512-9fSjSaos/fRIVIp+xSJlE6lfwhES7LNtKaCBIamHsjr2na1BiABJPo0mOjjz8GJDURarmCPGqaiVg5mfjb98CQ==",
      "dependencies": {
        "call-bind-apply-helpers": "^1.0.2",
        "es-define-property": "^1.0.1",
        "es-errors": "^1.3.0",
        "es-object-atoms": "^1.1.1",
        "function-bind": "^1.1.2",
        "get-proto": "^1.0.1",
        "gopd": "^1.2.0",
        "has-symbols": "^1.1.0",
        "hasown": "^2.0.2",
        "math-intrinsics": "^1.1.0"
      },
      "engines": {
        "node": ">= 0.4"
      },
      "funding": {
        "url": "https://github.com/sponsors/ljharb"
      }
    },
    "node_modules/get-proto": {
      "version": "1.0.1",
      "resolved": "https://registry.npmjs.org/get-proto/-/get-proto-1.0.1.tgz",
      "integrity": "sha512-sTSfBjoXBp89JvIKIefqw7U2CCebsc74kiY6awiGogKtoSGbgjYE/G/+l9sF3MWFPNc9IcoOC4ODfKHfxFmp0g==",
      "dependencies": {
        "dunder-proto": "^1.0.1",
        "es-object-atoms": "^1.0.0"
      },
      "engines": {
        "node": ">= 0.4"
      }
    },
    "node_modules/gopd": {
      "version": "1.2.0",
      "resolved": "https://registry.npmjs.org/gopd/-/gopd-1.2.0.tgz",
      "integrity": "sha512-ZUKRh6/kUFoAiTAtTYPZJ3hw9wNxx+BIBOijnlG9PnrJsCcSjs1wyyD6vJpaYtgnzDrKYRSqf3OO6Rfa93xsRg==",
      "engines": {
        "node": ">= 0.4"
      },
      "funding": {
        "url": "https://github.com/sponsors/ljharb"
      }
    },
    "node_modules/has-symbols": {
      "version": "1.1.0",
      "resolved": "https://registry.npmjs.org/has-symbols/-/has-symbols-1.1.0.tgz",
      "integrity": "sha512-1cDNdwJ2Jaohmb3sg4OmKaMBwuC48sYni5HUw2DvsC8LjGTLK9h+eb1X6RyuOHe4hT0ULCW68iomhjUoKUqlPQ==",
      "engines": {
        "node": ">= 0.4"
      },
      "funding": {
        "url": "https://github.com/sponsors/ljharb"
      }
    },
    "node_modules/has-tostringtag": {
      "version": "1.0.2",
      "resolved": "https://registry.npmjs.org/has-tostringtag/-/has-tostringtag-1.0.2.tgz",
      "integrity": "sha512-NqADB8VjPFLM2V0VvHUewwwsw0ZWBaIdgo+ieHtK3hasLz4qeCRjYcqfB6AQrBggRKppKF8L52/VqdVsO47Dlw==",
      "dependencies": {
        "has-symbols": "^1.0.3"
      },
      "engines": {
        "node": ">= 0.4"
      },
      "funding": {
        "url": "https://github.com/sponsors/ljharb"
      }
    },
    "node_modules/hasown": {
      "version": "2.0.2",
      "resolved": "https://registry.npmjs.org/hasown/-/hasown-2.0.2.tgz",
      "integrity": "sha512-0hJU9SCPvmMzIBdZFqNPXWa6dqh7WdH0cII9y+CyS8rG3nL48Bclra9HmKhVVUHyPWNH5Y7xDwAB7bfgSjkUMQ==",
      "dependencies": {
        "function-bind": "^1.1.2"
      },
      "engines": {
        "node": ">= 0.4"
      }
    },
    "node_modules/math-intrinsics": {
      "version": "1.1.0",
      "resolved": "https://registry.npmjs.org/math-intrinsics/-/math-intrinsics-1.1.0.tgz",
      "integrity": "sha512-/IXtbwEk5HTPyEwyKX6hGkYXxM9nbj64B+ilVJnC/R6B0pH5G4V3b0pVbL7DBj4tkhBAppbQUlf6F6Xl9LHu1g==",
      "engines": {
        "node": ">= 0.4"
      }
    },
    "node_modules/mime-db": {
      "version": "1.52.0",
      "resolved": "https://registry.npmjs.org/mime-db/-/mime-db-1.52.0.tgz",
      "integrity": "sha512-sPU4uV7dYlvtWJxwwxHD0PuihVNiE7TyAbQ5SWxDCB9mUYvOgroQOwYQQOKPJ8CIbE+1ETVlOoK1UC2nU3gYvg==",
      "engines": {
        "node": ">= 0.6"
      }
    },
    "node_modules/mime-types": {
      "version": "2.1.35",
      "resolved": "https://registry.npmjs.org/mime-types/-/mime-types-2.1.35.tgz",
      "integrity": "sha512-ZDY+bPm5zTTF+YpCrAU9nK0UgICYPT0QtT1NZWFv4s++TNkcgVaT0g6+4R2uI4MjQjzysHB1zxuWL50hzaeXiw==",
      "dependencies": {
        "mime-db": "1.52.0"
      },
      "engines": {
        "node": ">= 0.6"
      }
    },
    "node_modules/minimatch": {
      "version": "7.4.6",
      "resolved": "https://registry.npmjs.org/minimatch/-/minimatch-7.4.6.tgz",
      "integrity": "sha512-sBz8G/YjVniEz6lKPNpKxXwazJe4c19fEfV2GDMX6AjFz+MX9uDWIZW8XreVhkFW3fkIdTv/gxWr/Kks5FFAVw==",
      "dependencies": {
        "brace-expansion": "^2.0.1"
      },
      "engines": {
        "node": ">=10"
      },
      "funding": {
        "url": "https://github.com/sponsors/isaacs"
      }
    },
    "node_modules/process": {
      "version": "0.11.10",
      "resolved": "https://registry.npmjs.org/process/-/process-0.11.10.tgz",
      "integrity": "sha512-cdGef/drWFoydD1JsMzuFf8100nZl+GT+yacc2bEced5f9Rjk4z+WtFUTBu9PhOi9j/jfmBPu0mMEY4wIdAF8A==",
      "engines": {
        "node": ">= 0.6.0"
      }
    },
    "node_modules/proxy-from-env": {
      "version": "1.1.0",
      "resolved": "https://registry.npmjs.org/proxy-from-env/-/proxy-from-env-1.1.0.tgz",
      "integrity": "sha512-D+zkORCbA9f1tdWRK0RaCR3GPv50cMxcrz4X8k5LTSUD1Dkw47mKJEZQNunItRTkWwgtaUSo1RVFRIG9ZXiFYg=="
    },
    "node_modules/ramda": {
      "version": "0.32.0",
      "resolved": "https://registry.npmjs.org/ramda/-/ramda-0.32.0.tgz",
      "integrity": "sha512-GQWAHhxhxWBWA8oIBr1XahFVjQ9Fic6MK9ikijfd4TZHfE2+urfk+irVlR5VOn48uwMgM+loRRBJd6Yjsbc0zQ==",
      "funding": {
        "type": "opencollective",
        "url": "https://opencollective.com/ramda"
      }
    },
    "node_modules/ramda-adjunct": {
      "version": "6.0.0",
      "resolved": "https://registry.npmjs.org/ramda-adjunct/-/ramda-adjunct-6.0.0.tgz",
      "integrity": "sha512-mdGCk0Gj3nQQ7lJ2XfuOFsc3GtfAn5jJWcQ/FuEPvP8E+gaXQ+z+3y/HtKGoYkrOWgE645VCdK54GNvKkXYQlw==",
      "engines": {
        "node": ">=0.10.3"
      },
      "funding": {
        "type": "opencollective",
        "url": "https://opencollective.com/ramda-adjunct"
      },
      "peerDependencies": {
        "ramda": ">= 0.32.0"
      }
    },
    "node_modules/short-unique-id": {
      "version": "5.3.2",
      "resolved": "https://registry.npmjs.org/short-unique-id/-/short-unique-id-5.3.2.tgz",
      "integrity": "sha512-KRT/hufMSxXKEDSQujfVE0Faa/kZ51ihUcZQAcmP04t00DvPj7Ox5anHke1sJYUtzSuiT/Y5uyzg/W7bBEGhCg==",
      "bin": {
        "short-unique-id": "bin/short-unique-id",
        "suid": "bin/short-unique-id"
      }
    },
    "node_modules/ts-mixer": {
      "version": "6.0.4",
      "resolved": "https://registry.npmjs.org/ts-mixer/-/ts-mixer-6.0.4.tgz",
      "integrity": "sha512-ufKpbmrugz5Aou4wcr5Wc1UUFWOLhq+Fm6qa6P0w0K5Qw2yhaUoiWszhCVuNQyNwrlGiscHOmqYoAox1PtvgjA=="
    },
    "node_modules/unraw": {
      "version": "3.0.0",
      "resolved": "https://registry.npmjs.org/unraw/-/unraw-3.0.0.tgz",
      "integrity": "sha512-08/DA66UF65OlpUDIQtbJyrqTR0jTAlJ+jsnkQ4jxR7+K5g5YG1APZKQSMCE1vqqmD+2pv6+IdEjmopFatacvg=="
    },
    "node_modules/vscode-languageserver-types": {
      "version": "3.17.5",
      "resolved": "https://registry.npmjs.org/vscode-languageserver-types/-/vscode-languageserver-types-3.17.5.tgz",
      "integrity": "sha512-Ld1VelNuX9pdF39h2Hgaeb5hEZM2Z3jUrrMgWQAu82jMtZp7p3vJT3BzToKtZI7NgQssZje5o0zryOrhQvzQAg=="
    },
    "node_modules/web-tree-sitter": {
      "version": "0.26.3",
      "resolved": "https://registry.npmjs.org/web-tree-sitter/-/web-tree-sitter-0.26.3.tgz",
      "integrity": "sha512-JIVgIKFS1w6lejxSntCtsS/QsE/ecTS00en809cMxMPxaor6MvUnQ+ovG8uTTTvQCFosSh4MeDdI5bSGw5SoBw=="
    },
    "node_modules/yaml": {
      "version": "2.8.2",
      "resolved": "https://registry.npmjs.org/yaml/-/yaml-2.8.2.tgz",
      "integrity": "sha512-mplynKqc1C2hTVYxd0PU2xQAc22TI1vShAYGksCCfxbn/dFwnHTNi1bvYsBTkhdUNtGIf5xNOg938rrSSYvS9A==",
      "bin": {
        "yaml": "bin.mjs"
      },
      "engines": {
        "node": ">= 14.6"
      },
      "funding": {
        "url": "https://github.com/sponsors/eemeli"
      }
    }
  }
}
