{
  "name": "@jentic/openapi-validator-speclynx",
  "version": "0.1.0",
  "lockfileVersion": 3,
  "requires": true,
  "packages": {
    "": {
      "name": "@jentic/openapi-validator-speclynx",
      "version": "0.1.0",
      "dependencies": {
        "@speclynx/apidom-core": "2.13.1",
        "@speclynx/apidom-datamodel": "2.13.1",
        "@speclynx/apidom-json-path": "2.13.1",
        "@speclynx/apidom-json-pointer": "2.13.1",
        "@speclynx/apidom-ns-openapi-3-0": "2.13.1",
        "@speclynx/apidom-ns-openapi-3-1": "2.13.1",
        "@speclynx/apidom-reference": "2.13.1",
        "@speclynx/apidom-traverse": "2.13.1",
        "commander": "^14.0.2",
        "vscode-languageserver-types": "^3.17.5"
      },
      "bin": {
        "speclynx": "speclynx.mjs"
      }
    },
    "node_modules/@babel/runtime-corejs3": {
      "version": "7.29.0",
      "resolved": "https://registry.npmjs.org/@babel/runtime-corejs3/-/runtime-corejs3-7.29.0.tgz",
      "integrity": "sha512-TgUkdp71C9pIbBcHudc+gXZnihEDOjUAmXO1VO4HHGES7QLZcShR0stfKIxLSNIYx2fqhmJChOjm/wkF8wv4gA==",
      "license": "MIT",
      "dependencies": {
        "core-js-pure": "^3.48.0"
      },
      "engines": {
        "node": ">=6.9.0"
      }
    },
    "node_modules/@speclynx/apidom-core": {
      "version": "2.13.1",
      "resolved": "https://registry.npmjs.org/@speclynx/apidom-core/-/apidom-core-2.13.1.tgz",
      "integrity": "sha512-2bNdbhoobRTdIKxpx0I2RjDFEBvzbdIME+PAtx+naxjuC6Wbv0BTKzSBmllGJzlWGLp4ioXICPsZ31RN/Tuo4w==",
      "license": "Apache-2.0",
      "dependencies": {
        "@babel/runtime-corejs3": "^7.28.4",
        "@speclynx/apidom-datamodel": "2.13.1",
        "@speclynx/apidom-error": "2.13.1",
        "@speclynx/apidom-traverse": "2.13.1",
        "ramda": "~0.32.0",
        "ramda-adjunct": "^6.0.0",
        "short-unique-id": "^5.3.2",
        "ts-mixer": "^6.0.4",
        "yaml": "^2.8.2"
      }
    },
    "node_modules/@speclynx/apidom-datamodel": {
      "version": "2.13.1",
      "resolved": "https://registry.npmjs.org/@speclynx/apidom-datamodel/-/apidom-datamodel-2.13.1.tgz",
      "integrity": "sha512-OqclcKVuaLMKKf+rDbsh+VR/ZFOLs9oeLAVhSAWTH0D9hJ/i8LuNVNj039XJ1Za8ZpqF2G675W4behpzaAA5vA==",
      "license": "Apache-2.0",
      "dependencies": {
        "@babel/runtime-corejs3": "^7.28.4",
        "@speclynx/apidom-error": "2.13.1",
        "ramda": "~0.32.0"
      }
    },
    "node_modules/@speclynx/apidom-error": {
      "version": "2.13.1",
      "resolved": "https://registry.npmjs.org/@speclynx/apidom-error/-/apidom-error-2.13.1.tgz",
      "integrity": "sha512-dm/S1mVpTuDRli29OKz1aGPBObW4uCmVMMEYRMZgmi2wXeGvKfSL4hUSgx1MVsAzRGf36KgD6XaiHHxqd9zwxw==",
      "license": "Apache-2.0",
      "dependencies": {
        "@babel/runtime-corejs3": "^7.28.4"
      }
    },
    "node_modules/@speclynx/apidom-json-path": {
      "version": "2.13.1",
      "resolved": "https://registry.npmjs.org/@speclynx/apidom-json-path/-/apidom-json-path-2.13.1.tgz",
      "integrity": "sha512-KiGzZ354qRUybstdNr+/MrL/XDvJQsz8ckTnnq7Wzar/knENivvzpN2TygznMUaFFbAUGQQiI0zWQyTP8V9jhQ==",
      "license": "Apache-2.0",
      "dependencies": {
        "@babel/runtime-corejs3": "^7.28.4",
        "@speclynx/apidom-datamodel": "2.13.1",
        "@speclynx/apidom-error": "2.13.1",
        "@swaggerexpert/jsonpath": "^4.0.3"
      }
    },
    "node_modules/@speclynx/apidom-json-pointer": {
      "version": "2.13.1",
      "resolved": "https://registry.npmjs.org/@speclynx/apidom-json-pointer/-/apidom-json-pointer-2.13.1.tgz",
      "integrity": "sha512-a8VSMH1d1RTslqgctI8OJvUgbfa76nx3kVJ3MYGNb4YVQqCTNxiywGrDseAwmySoBNr+YnfJdBIS7PMtLUBLrw==",
      "license": "Apache-2.0",
      "dependencies": {
        "@babel/runtime-corejs3": "^7.28.4",
        "@speclynx/apidom-datamodel": "2.13.1",
        "@speclynx/apidom-error": "2.13.1",
        "@swaggerexpert/json-pointer": "^3.0.1"
      }
    },
    "node_modules/@speclynx/apidom-ns-arazzo-1": {
      "version": "2.13.1",
      "resolved": "https://registry.npmjs.org/@speclynx/apidom-ns-arazzo-1/-/apidom-ns-arazzo-1-2.13.1.tgz",
      "integrity": "sha512-HfeBvcnJvUdlJOFZLYws/kH7BNUAC7e9uf16kdzAKB+RpKeUi+6Ydgk1LgnLWGJZ5G1kRrttL8wil+fVCzbbRQ==",
      "license": "Apache-2.0",
      "dependencies": {
        "@babel/runtime-corejs3": "^7.28.4",
        "@speclynx/apidom-core": "2.13.1",
        "@speclynx/apidom-datamodel": "2.13.1",
        "@speclynx/apidom-ns-json-schema-2020-12": "2.13.1",
        "@speclynx/apidom-traverse": "2.13.1",
        "ramda": "~0.32.0",
        "ramda-adjunct": "^6.0.0",
        "ts-mixer": "^6.0.4"
      }
    },
    "node_modules/@speclynx/apidom-ns-asyncapi-2": {
      "version": "2.13.1",
      "resolved": "https://registry.npmjs.org/@speclynx/apidom-ns-asyncapi-2/-/apidom-ns-asyncapi-2-2.13.1.tgz",
      "integrity": "sha512-cuzdlitLHv1HI7Le+rCji/uNVfAXOoTiG4kQDU5gEjs0ZLcWxq4xikrLq5hdeih399RE6EY2TfF1F+16bozSbA==",
      "license": "Apache-2.0",
      "dependencies": {
        "@babel/runtime-corejs3": "^7.28.4",
        "@speclynx/apidom-core": "2.13.1",
        "@speclynx/apidom-datamodel": "2.13.1",
        "@speclynx/apidom-ns-json-schema-draft-7": "2.13.1",
        "@speclynx/apidom-traverse": "2.13.1",
        "ramda": "~0.32.0",
        "ramda-adjunct": "^6.0.0",
        "ts-mixer": "^6.0.4"
      }
    },
    "node_modules/@speclynx/apidom-ns-json-schema-2019-09": {
      "version": "2.13.1",
      "resolved": "https://registry.npmjs.org/@speclynx/apidom-ns-json-schema-2019-09/-/apidom-ns-json-schema-2019-09-2.13.1.tgz",
      "integrity": "sha512-ZemplO7u0fZ0j1Hv8o1yL00zTVnQ1tq3dNz1JWZ7ph5R4UMogRHFVZN0F5swugDQhPA8NtbgZlGrnUFs316oKw==",
      "license": "Apache-2.0",
      "dependencies": {
        "@babel/runtime-corejs3": "^7.28.4",
        "@speclynx/apidom-core": "2.13.1",
        "@speclynx/apidom-datamodel": "2.13.1",
        "@speclynx/apidom-error": "2.13.1",
        "@speclynx/apidom-ns-json-schema-draft-6": "2.13.1",
        "@speclynx/apidom-ns-json-schema-draft-7": "2.13.1",
        "@speclynx/apidom-traverse": "2.13.1",
        "ramda": "~0.32.0",
        "ramda-adjunct": "^6.0.0",
        "ts-mixer": "^6.0.4"
      }
    },
    "node_modules/@speclynx/apidom-ns-json-schema-2020-12": {
      "version": "2.13.1",
      "resolved": "https://registry.npmjs.org/@speclynx/apidom-ns-json-schema-2020-12/-/apidom-ns-json-schema-2020-12-2.13.1.tgz",
      "integrity": "sha512-248TdGTpd/Nvcg3Stn9+ameEKzs1BAY6fcuzYEfVNV/pSnYXqVqFXCBeb78wLTdH3f55dVQMXLfm2qNV6xXtGQ==",
      "license": "Apache-2.0",
      "dependencies": {
        "@babel/runtime-corejs3": "^7.28.4",
        "@speclynx/apidom-core": "2.13.1",
        "@speclynx/apidom-datamodel": "2.13.1",
        "@speclynx/apidom-error": "2.13.1",
        "@speclynx/apidom-ns-json-schema-2019-09": "2.13.1",
        "@speclynx/apidom-traverse": "2.13.1",
        "ramda": "~0.32.0",
        "ramda-adjunct": "^6.0.0",
        "ts-mixer": "^6.0.4"
      }
    },
    "node_modules/@speclynx/apidom-ns-json-schema-draft-4": {
      "version": "2.13.1",
      "resolved": "https://registry.npmjs.org/@speclynx/apidom-ns-json-schema-draft-4/-/apidom-ns-json-schema-draft-4-2.13.1.tgz",
      "integrity": "sha512-1bB6/hNflWxpq9IJ4fxFzqnFVkzecKzTBEw26WvxWkIKjnFFU2DGcfecuBwrQUS/ZuSJH5k4ORnA+82dzyXU9Q==",
      "license": "Apache-2.0",
      "dependencies": {
        "@babel/runtime-corejs3": "^7.28.4",
        "@speclynx/apidom-core": "2.13.1",
        "@speclynx/apidom-datamodel": "2.13.1",
        "@speclynx/apidom-traverse": "2.13.1",
        "ramda": "~0.32.0",
        "ramda-adjunct": "^6.0.0",
        "ts-mixer": "^6.0.4"
      }
    },
    "node_modules/@speclynx/apidom-ns-json-schema-draft-6": {
      "version": "2.13.1",
      "resolved": "https://registry.npmjs.org/@speclynx/apidom-ns-json-schema-draft-6/-/apidom-ns-json-schema-draft-6-2.13.1.tgz",
      "integrity": "sha512-t6LjnzvOi6Ps7IBsVhEd5W68O2MGQrNIFtv1+Lx1qMA4uNbrfohczN3x7YXQoBT5YPHl7BbT3Sz3DTX7+pm/CQ==",
      "license": "Apache-2.0",
      "dependencies": {
        "@babel/runtime-corejs3": "^7.28.4",
        "@speclynx/apidom-core": "2.13.1",
        "@speclynx/apidom-datamodel": "2.13.1",
        "@speclynx/apidom-error": "2.13.1",
        "@speclynx/apidom-ns-json-schema-draft-4": "2.13.1",
        "@speclynx/apidom-traverse": "2.13.1",
        "ramda": "~0.32.0",
        "ramda-adjunct": "^6.0.0",
        "ts-mixer": "^6.0.4"
      }
    },
    "node_modules/@speclynx/apidom-ns-json-schema-draft-7": {
      "version": "2.13.1",
      "resolved": "https://registry.npmjs.org/@speclynx/apidom-ns-json-schema-draft-7/-/apidom-ns-json-schema-draft-7-2.13.1.tgz",
      "integrity": "sha512-p7DhZw5ggNl+fuoxBNNOnJBZVex9H53mVx7mh/tNlbXlzz4m414VtBW6fA1SRnYXTMoosg+CLVM3+HZxaKCj1Q==",
      "license": "Apache-2.0",
      "dependencies": {
        "@babel/runtime-corejs3": "^7.28.4",
        "@speclynx/apidom-core": "2.13.1",
        "@speclynx/apidom-datamodel": "2.13.1",
        "@speclynx/apidom-error": "2.13.1",
        "@speclynx/apidom-ns-json-schema-draft-6": "2.13.1",
        "@speclynx/apidom-traverse": "2.13.1",
        "ramda": "~0.32.0",
        "ramda-adjunct": "^6.0.0",
        "ts-mixer": "^6.0.4"
      }
    },
    "node_modules/@speclynx/apidom-ns-openapi-2": {
      "version": "2.13.1",
      "resolved": "https://registry.npmjs.org/@speclynx/apidom-ns-openapi-2/-/apidom-ns-openapi-2-2.13.1.tgz",
      "integrity": "sha512-oEXM+jeyPvodcHWU7rKyz4TGa7ZEufFl1k5FEqqLEqw8j0Xrmcfy+L0lOYI/fF32o9+bEBkQul2a/WwF/NyHgg==",
      "license": "Apache-2.0",
      "dependencies": {
        "@babel/runtime-corejs3": "^7.28.4",
        "@speclynx/apidom-core": "2.13.1",
        "@speclynx/apidom-datamodel": "2.13.1",
        "@speclynx/apidom-error": "2.13.1",
        "@speclynx/apidom-ns-json-schema-draft-4": "2.13.1",
        "@speclynx/apidom-traverse": "2.13.1",
        "ramda": "~0.32.0",
        "ramda-adjunct": "^6.0.0",
        "ts-mixer": "^6.0.4"
      }
    },
    "node_modules/@speclynx/apidom-ns-openapi-3-0": {
      "version": "2.13.1",
      "resolved": "https://registry.npmjs.org/@speclynx/apidom-ns-openapi-3-0/-/apidom-ns-openapi-3-0-2.13.1.tgz",
      "integrity": "sha512-lfQi6lcoOCaKyJWPHUT0uQCBQSbGvlGm73yXYcycrUyCrFCZwdiycH8L7DJOEnf9NMu1nwMci8OElb/1FZDlMg==",
      "license": "Apache-2.0",
      "dependencies": {
        "@babel/runtime-corejs3": "^7.28.4",
        "@speclynx/apidom-core": "2.13.1",
        "@speclynx/apidom-datamodel": "2.13.1",
        "@speclynx/apidom-error": "2.13.1",
        "@speclynx/apidom-ns-json-schema-draft-4": "2.13.1",
        "@speclynx/apidom-traverse": "2.13.1",
        "ramda": "~0.32.0",
        "ramda-adjunct": "^6.0.0",
        "ts-mixer": "^6.0.4"
      }
    },
    "node_modules/@speclynx/apidom-ns-openapi-3-1": {
      "version": "2.13.1",
      "resolved": "https://registry.npmjs.org/@speclynx/apidom-ns-openapi-3-1/-/apidom-ns-openapi-3-1-2.13.1.tgz",
      "integrity": "sha512-laSj316iqn2etb67n6e2cJL9I0KLSz0/vG+24pl6pbuorMjY/8TI0Ke48qAyLj0/Q7v6tnR6WYjgc7igzDoomg==",
      "license": "Apache-2.0",
      "dependencies": {
        "@babel/runtime-corejs3": "^7.28.4",
        "@speclynx/apidom-core": "2.13.1",
        "@speclynx/apidom-datamodel": "2.13.1",
        "@speclynx/apidom-json-pointer": "2.13.1",
        "@speclynx/apidom-ns-json-schema-2020-12": "2.13.1",
        "@speclynx/apidom-ns-openapi-3-0": "2.13.1",
        "@speclynx/apidom-traverse": "2.13.1",
        "ramda": "~0.32.0",
        "ramda-adjunct": "^6.0.0",
        "ts-mixer": "^6.0.4"
      }
    },
    "node_modules/@speclynx/apidom-parser-adapter-arazzo-json-1": {
      "version": "2.13.1",
      "resolved": "https://registry.npmjs.org/@speclynx/apidom-parser-adapter-arazzo-json-1/-/apidom-parser-adapter-arazzo-json-1-2.13.1.tgz",
      "integrity": "sha512-+7xFeRaSMSDNhKeuH92amppVnKruzyYGoywYMUrnuIUo4sYUQGu0vBHpTQV5gzLCM2vZcLlwtbBlRs9TV+pvWQ==",
      "license": "Apache-2.0",
      "dependencies": {
        "@babel/runtime-corejs3": "^7.28.4",
        "@speclynx/apidom-core": "2.13.1",
        "@speclynx/apidom-datamodel": "2.13.1",
        "@speclynx/apidom-ns-arazzo-1": "2.13.1",
        "@speclynx/apidom-parser-adapter-json": "2.13.1",
        "ramda": "~0.32.0",
        "ramda-adjunct": "^6.0.0"
      }
    },
    "node_modules/@speclynx/apidom-parser-adapter-arazzo-yaml-1": {
      "version": "2.13.1",
      "resolved": "https://registry.npmjs.org/@speclynx/apidom-parser-adapter-arazzo-yaml-1/-/apidom-parser-adapter-arazzo-yaml-1-2.13.1.tgz",
      "integrity": "sha512-VB0lIRv6Gn3f7tzWN7b2VGZgSoyienWsL5we8DjWE6+AGReiDB7bUKQa12g4EK2m4poS6K6A+YTY70/2lhBbuQ==",
      "license": "Apache-2.0",
      "dependencies": {
        "@babel/runtime-corejs3": "^7.28.4",
        "@speclynx/apidom-core": "2.13.1",
        "@speclynx/apidom-datamodel": "2.13.1",
        "@speclynx/apidom-ns-arazzo-1": "2.13.1",
        "@speclynx/apidom-parser-adapter-yaml-1-2": "2.13.1",
        "ramda": "~0.32.0",
        "ramda-adjunct": "^6.0.0"
      }
    },
    "node_modules/@speclynx/apidom-parser-adapter-asyncapi-json-2": {
      "version": "2.13.1",
      "resolved": "https://registry.npmjs.org/@speclynx/apidom-parser-adapter-asyncapi-json-2/-/apidom-parser-adapter-asyncapi-json-2-2.13.1.tgz",
      "integrity": "sha512-dT3Qs/kKE/6T1unIkYVB4FUvYs8k0gMjM63Z9wkLYo97v1if6dUmxCevcL2U5UWAzz/5DdnwzdIjCaXY/Ej1QA==",
      "license": "Apache-2.0",
      "dependencies": {
        "@babel/runtime-corejs3": "^7.28.4",
        "@speclynx/apidom-core": "2.13.1",
        "@speclynx/apidom-datamodel": "2.13.1",
        "@speclynx/apidom-ns-asyncapi-2": "2.13.1",
        "@speclynx/apidom-parser-adapter-json": "2.13.1",
        "ramda": "~0.32.0",
        "ramda-adjunct": "^6.0.0"
      }
    },
    "node_modules/@speclynx/apidom-parser-adapter-asyncapi-yaml-2": {
      "version": "2.13.1",
      "resolved": "https://registry.npmjs.org/@speclynx/apidom-parser-adapter-asyncapi-yaml-2/-/apidom-parser-adapter-asyncapi-yaml-2-2.13.1.tgz",
      "integrity": "sha512-KlqPJyjshlT4unM6uPehrGRAhxfS3h547dLz1va9conYGBgbGFlqUlMOFkTj0+NJnij4KmTeYAcwKfn3gL0L3A==",
      "license": "Apache-2.0",
      "dependencies": {
        "@babel/runtime-corejs3": "^7.28.4",
        "@speclynx/apidom-core": "2.13.1",
        "@speclynx/apidom-datamodel": "2.13.1",
        "@speclynx/apidom-ns-asyncapi-2": "2.13.1",
        "@speclynx/apidom-parser-adapter-yaml-1-2": "2.13.1",
        "ramda": "~0.32.0",
        "ramda-adjunct": "^6.0.0"
      }
    },
    "node_modules/@speclynx/apidom-parser-adapter-json": {
      "version": "2.13.1",
      "resolved": "https://registry.npmjs.org/@speclynx/apidom-parser-adapter-json/-/apidom-parser-adapter-json-2.13.1.tgz",
      "integrity": "sha512-ENGIoPDe7Gw0fkFbx27H4r/zn4n77lxtWGwpL78OfnGc79qxKDJTXnC9lx6Yuodeo4yUwUCE5xAm9vyQfNBJUw==",
      "license": "Apache-2.0",
      "dependencies": {
        "@babel/runtime-corejs3": "^7.28.4",
        "@speclynx/apidom-core": "2.13.1",
        "@speclynx/apidom-datamodel": "2.13.1",
        "@speclynx/apidom-error": "2.13.1",
        "web-tree-sitter": "=0.26.6"
      }
    },
    "node_modules/@speclynx/apidom-parser-adapter-openapi-json-2": {
      "version": "2.13.1",
      "resolved": "https://registry.npmjs.org/@speclynx/apidom-parser-adapter-openapi-json-2/-/apidom-parser-adapter-openapi-json-2-2.13.1.tgz",
      "integrity": "sha512-Ja29pHdQaiiktnlXJ9jWqAtCxvcXSw/V/hFyMwIHtVIufaQrAxjuKecN04t8yAU9d6yCKUtmZNbMnJrsQQ6NMw==",
      "license": "Apache-2.0",
      "dependencies": {
        "@babel/runtime-corejs3": "^7.28.4",
        "@speclynx/apidom-core": "2.13.1",
        "@speclynx/apidom-datamodel": "2.13.1",
        "@speclynx/apidom-ns-openapi-2": "2.13.1",
        "@speclynx/apidom-parser-adapter-json": "2.13.1",
        "ramda": "~0.32.0",
        "ramda-adjunct": "^6.0.0"
      }
    },
    "node_modules/@speclynx/apidom-parser-adapter-openapi-json-3-0": {
      "version": "2.13.1",
      "resolved": "https://registry.npmjs.org/@speclynx/apidom-parser-adapter-openapi-json-3-0/-/apidom-parser-adapter-openapi-json-3-0-2.13.1.tgz",
      "integrity": "sha512-DRVpBYkPKBjI6dijC51OcYmsuncuOSexlvWEe7ThRPg/G/Av+IWqO2H1uu067pYh7UT3ukC2mzOiJuDRbuSoVg==",
      "license": "Apache-2.0",
      "dependencies": {
        "@babel/runtime-corejs3": "^7.28.4",
        "@speclynx/apidom-core": "2.13.1",
        "@speclynx/apidom-datamodel": "2.13.1",
        "@speclynx/apidom-ns-openapi-3-0": "2.13.1",
        "@speclynx/apidom-parser-adapter-json": "2.13.1",
        "ramda": "~0.32.0",
        "ramda-adjunct": "^6.0.0"
      }
    },
    "node_modules/@speclynx/apidom-parser-adapter-openapi-json-3-1": {
      "version": "2.13.1",
      "resolved": "https://registry.npmjs.org/@speclynx/apidom-parser-adapter-openapi-json-3-1/-/apidom-parser-adapter-openapi-json-3-1-2.13.1.tgz",
      "integrity": "sha512-EIfhWJLkCk2j0Yr4tLuz3Ijh3EXVbuveJhbmb0jqbS7/AlOUEuUZcRdiI5U6EIm3VGxHkR0wqouDnPK/SRgs6Q==",
      "license": "Apache-2.0",
      "dependencies": {
        "@babel/runtime-corejs3": "^7.28.4",
        "@speclynx/apidom-core": "2.13.1",
        "@speclynx/apidom-datamodel": "2.13.1",
        "@speclynx/apidom-ns-openapi-3-1": "2.13.1",
        "@speclynx/apidom-parser-adapter-json": "2.13.1",
        "ramda": "~0.32.0",
        "ramda-adjunct": "^6.0.0"
      }
    },
    "node_modules/@speclynx/apidom-parser-adapter-openapi-yaml-2": {
      "version": "2.13.1",
      "resolved": "https://registry.npmjs.org/@speclynx/apidom-parser-adapter-openapi-yaml-2/-/apidom-parser-adapter-openapi-yaml-2-2.13.1.tgz",
      "integrity": "sha512-N8Npu3jEvme8o/vSQojABX0rBKERmiCnjwWuzRlt7e/9pammJh5kCwEf7JJ5Dx4FJa9+HgdBaOp2XMw7ArGX7A==",
      "license": "Apache-2.0",
      "dependencies": {
        "@babel/runtime-corejs3": "^7.28.4",
        "@speclynx/apidom-core": "2.13.1",
        "@speclynx/apidom-datamodel": "2.13.1",
        "@speclynx/apidom-ns-openapi-2": "2.13.1",
        "@speclynx/apidom-parser-adapter-yaml-1-2": "2.13.1",
        "ramda": "~0.32.0",
        "ramda-adjunct": "^6.0.0"
      }
    },
    "node_modules/@speclynx/apidom-parser-adapter-openapi-yaml-3-0": {
      "version": "2.13.1",
      "resolved": "https://registry.npmjs.org/@speclynx/apidom-parser-adapter-openapi-yaml-3-0/-/apidom-parser-adapter-openapi-yaml-3-0-2.13.1.tgz",
      "integrity": "sha512-WpuQh8lUiGO9w7myrRqp7ftmrxhNstmM64MmO7k8LYVVdo+SQ9EkF2ZGaXckhxaVDyoGgogNORPpWakpvnEGGA==",
      "license": "Apache-2.0",
      "dependencies": {
        "@babel/runtime-corejs3": "^7.28.4",
        "@speclynx/apidom-core": "2.13.1",
        "@speclynx/apidom-datamodel": "2.13.1",
        "@speclynx/apidom-ns-openapi-3-0": "2.13.1",
        "@speclynx/apidom-parser-adapter-yaml-1-2": "2.13.1",
        "ramda": "~0.32.0",
        "ramda-adjunct": "^6.0.0"
      }
    },
    "node_modules/@speclynx/apidom-parser-adapter-openapi-yaml-3-1": {
      "version": "2.13.1",
      "resolved": "https://registry.npmjs.org/@speclynx/apidom-parser-adapter-openapi-yaml-3-1/-/apidom-parser-adapter-openapi-yaml-3-1-2.13.1.tgz",
      "integrity": "sha512-gEyUHdyKUMa/bt4zCQ0by/L9XlGgNJVqXA7siRZJv1XqNiByeCdv1crEDITXHevd7FOgec87ql26QQLyig9nIg==",
      "license": "Apache-2.0",
      "dependencies": {
        "@babel/runtime-corejs3": "^7.28.4",
        "@speclynx/apidom-core": "2.13.1",
        "@speclynx/apidom-datamodel": "2.13.1",
        "@speclynx/apidom-ns-openapi-3-1": "2.13.1",
        "@speclynx/apidom-parser-adapter-yaml-1-2": "2.13.1",
        "ramda": "~0.32.0",
        "ramda-adjunct": "^6.0.0"
      }
    },
    "node_modules/@speclynx/apidom-parser-adapter-yaml-1-2": {
      "version": "2.13.1",
      "resolved": "https://registry.npmjs.org/@speclynx/apidom-parser-adapter-yaml-1-2/-/apidom-parser-adapter-yaml-1-2-2.13.1.tgz",
      "integrity": "sha512-+Oz5w8cVPAOPgVkyf/6L6NFetMfxLf9ZGBxTgkBOd4+oMWLJsCJRVVvReqoGO/ruuDrJz8jXR6n7JWh7Tmknyw==",
      "license": "Apache-2.0",
      "dependencies": {
        "@babel/runtime-corejs3": "^7.28.4",
        "@speclynx/apidom-core": "2.13.1",
        "@speclynx/apidom-datamodel": "2.13.1",
        "@speclynx/apidom-error": "2.13.1",
        "ramda": "~0.32.0",
        "ramda-adjunct": "^6.0.0",
        "unraw": "^3.0.0",
        "web-tree-sitter": "=0.26.6",
        "yaml": "^2.8.2"
      }
    },
    "node_modules/@speclynx/apidom-reference": {
      "version": "2.13.1",
      "resolved": "https://registry.npmjs.org/@speclynx/apidom-reference/-/apidom-reference-2.13.1.tgz",
      "integrity": "sha512-qWZHXwgoKWB8M5y+TeVmiqgmz2N1CEcb7HEwbanlFiH5qX6S5OxGASZkkU3UScQg9z4Wr2k57qn/vPIltN8Xcw==",
      "license": "Apache-2.0",
      "dependencies": {
        "@babel/runtime-corejs3": "^7.28.4",
        "@speclynx/apidom-core": "2.13.1",
        "@speclynx/apidom-datamodel": "2.13.1",
        "@speclynx/apidom-error": "2.13.1",
        "@speclynx/apidom-json-pointer": "2.13.1",
        "@speclynx/apidom-ns-arazzo-1": "2.13.1",
        "@speclynx/apidom-ns-asyncapi-2": "2.13.1",
        "@speclynx/apidom-ns-json-schema-2020-12": "2.13.1",
        "@speclynx/apidom-ns-openapi-2": "2.13.1",
        "@speclynx/apidom-ns-openapi-3-0": "2.13.1",
        "@speclynx/apidom-ns-openapi-3-1": "2.13.1",
        "@speclynx/apidom-parser-adapter-arazzo-json-1": "2.13.1",
        "@speclynx/apidom-parser-adapter-arazzo-yaml-1": "2.13.1",
        "@speclynx/apidom-parser-adapter-asyncapi-json-2": "2.13.1",
        "@speclynx/apidom-parser-adapter-asyncapi-yaml-2": "2.13.1",
        "@speclynx/apidom-parser-adapter-json": "2.13.1",
        "@speclynx/apidom-parser-adapter-openapi-json-2": "2.13.1",
        "@speclynx/apidom-parser-adapter-openapi-json-3-0": "2.13.1",
        "@speclynx/apidom-parser-adapter-openapi-json-3-1": "2.13.1",
        "@speclynx/apidom-parser-adapter-openapi-yaml-2": "2.13.1",
        "@speclynx/apidom-parser-adapter-openapi-yaml-3-0": "2.13.1",
        "@speclynx/apidom-parser-adapter-openapi-yaml-3-1": "2.13.1",
        "@speclynx/apidom-parser-adapter-yaml-1-2": "2.13.1",
        "@speclynx/apidom-traverse": "2.13.1",
        "@swaggerexpert/arazzo-runtime-expression": "^2.0.3",
        "axios": "^1.13.5",
        "picomatch": "^4.0.3",
        "process": "^0.11.10",
        "ramda": "~0.32.0",
        "ramda-adjunct": "^6.0.0"
      }
    },
    "node_modules/@speclynx/apidom-traverse": {
      "version": "2.13.1",
      "resolved": "https://registry.npmjs.org/@speclynx/apidom-traverse/-/apidom-traverse-2.13.1.tgz",
      "integrity": "sha512-UsiY4D36oIO8LU6JQB+AHwWuliKdWiN8YmQQnBm/pSjcSypN4fyfRWVrenx4MRkQnDAUabweS+UFr8U8qhlK+Q==",
      "license": "Apache-2.0",
      "dependencies": {
        "@babel/runtime-corejs3": "^7.28.4",
        "@speclynx/apidom-datamodel": "2.13.1",
        "@speclynx/apidom-error": "2.13.1",
        "@speclynx/apidom-json-path": "2.13.1",
        "@speclynx/apidom-json-pointer": "2.13.1",
        "ramda-adjunct": "^6.0.0"
      }
    },
    "node_modules/@swaggerexpert/arazzo-runtime-expression": {
      "version": "2.0.3",
      "resolved": "https://registry.npmjs.org/@swaggerexpert/arazzo-runtime-expression/-/arazzo-runtime-expression-2.0.3.tgz",
      "integrity": "sha512-iGzCT3a6edX/LyQFhaR5l1JEyGtCQArGVjKDk8T7biaz24TE3CgDUMyeWzhGq9x7GBDj6KsxkI1WKEdERiDT5A==",
      "license": "Apache-2.0",
      "dependencies": {
        "apg-lite": "^1.0.5"
      },
      "engines": {
        "node": ">=16.14.0"
      }
    },
    "node_modules/@swaggerexpert/json-pointer": {
      "version": "3.0.1",
      "resolved": "https://registry.npmjs.org/@swaggerexpert/json-pointer/-/json-pointer-3.0.1.tgz",
      "integrity": "sha512-ujx/rESoBo+/ytYh+kqP2pY3+M0WkbISfoR9N6/CazQMHkRrFqK/nmzO9tFg4DfdHmwEFcJEAhTtDDF1d0H9Hg==",
      "license": "Apache-2.0",
      "dependencies": {
        "apg-lite": "^1.0.5"
      },
      "engines": {
        "node": ">=12.20.0"
      }
    },
    "node_modules/@swaggerexpert/jsonpath": {
      "version": "4.0.3",
      "resolved": "https://registry.npmjs.org/@swaggerexpert/jsonpath/-/jsonpath-4.0.3.tgz",
      "integrity": "sha512-ttXX1KATYGCdQbvXOAq7WN9WQ5Dx2Wshgj2M1dG4oARyPH5puxCVsAzB5qsz/2K08cJ6kNY6iOk6AlSj5zK/8g==",
      "license": "Apache-2.0",
      "dependencies": {
        "apg-lite": "^1.0.5"
      },
      "engines": {
        "node": ">=16.14.0"
      }
    },
    "node_modules/apg-lite": {
      "version": "1.0.5",
      "resolved": "https://registry.npmjs.org/apg-lite/-/apg-lite-1.0.5.tgz",
      "integrity": "sha512-SlI+nLMQDzCZfS39ihzjGp3JNBQfJXyMi6cg9tkLOCPVErgFsUIAEdO9IezR7kbP5Xd0ozcPNQBkf9TO5cHgWw==",
      "license": "BSD-2-Clause"
    },
    "node_modules/asynckit": {
      "version": "0.4.0",
      "resolved": "https://registry.npmjs.org/asynckit/-/asynckit-0.4.0.tgz",
      "integrity": "sha512-Oei9OH4tRh0YqU3GxhX79dM/mwVgvbZJaSNaRk+bshkj0S5cfHcgYakreBjrHwatXKbz+IoIdYLxrKim2MjW0Q==",
      "license": "MIT"
    },
    "node_modules/axios": {
      "version": "1.13.6",
      "resolved": "https://registry.npmjs.org/axios/-/axios-1.13.6.tgz",
      "integrity": "sha512-ChTCHMouEe2kn713WHbQGcuYrr6fXTBiu460OTwWrWob16g1bXn4vtz07Ope7ewMozJAnEquLk5lWQWtBig9DQ==",
      "license": "MIT",
      "dependencies": {
        "follow-redirects": "^1.15.11",
        "form-data": "^4.0.5",
        "proxy-from-env": "^1.1.0"
      }
    },
    "node_modules/call-bind-apply-helpers": {
      "version": "1.0.2",
      "resolved": "https://registry.npmjs.org/call-bind-apply-helpers/-/call-bind-apply-helpers-1.0.2.tgz",
      "integrity": "sha512-Sp1ablJ0ivDkSzjcaJdxEunN5/XvksFJ2sMBFfq6x0ryhQV/2b/KwFe21cMpmHtPOSij8K99/wSfoEuTObmuMQ==",
      "license": "MIT",
      "dependencies": {
        "es-errors": "^1.3.0",
        "function-bind": "^1.1.2"
      },
      "engines": {
        "node": ">= 0.4"
      }
    },
    "node_modules/combined-stream": {
      "version": "1.0.8",
      "resolved": "https://registry.npmjs.org/combined-stream/-/combined-stream-1.0.8.tgz",
      "integrity": "sha512-FQN4MRfuJeHf7cBbBMJFXhKSDq+2kAArBlmRBvcvFE5BB1HZKXtSFASDhdlz9zOYwxh8lDdnvmMOe/+5cdoEdg==",
      "license": "MIT",
      "dependencies": {
        "delayed-stream": "~1.0.0"
      },
      "engines": {
        "node": ">= 0.8"
      }
    },
    "node_modules/commander": {
      "version": "14.0.3",
      "resolved": "https://registry.npmjs.org/commander/-/commander-14.0.3.tgz",
      "integrity": "sha512-H+y0Jo/T1RZ9qPP4Eh1pkcQcLRglraJaSLoyOtHxu6AapkjWVCy2Sit1QQ4x3Dng8qDlSsZEet7g5Pq06MvTgw==",
      "license": "MIT",
      "engines": {
        "node": ">=20"
      }
    },
    "node_modules/core-js-pure": {
      "version": "3.48.0",
      "resolved": "https://registry.npmjs.org/core-js-pure/-/core-js-pure-3.48.0.tgz",
      "integrity": "sha512-1slJgk89tWC51HQ1AEqG+s2VuwpTRr8ocu4n20QUcH1v9lAN0RXen0Q0AABa/DK1I7RrNWLucplOHMx8hfTGTw==",
      "hasInstallScript": true,
      "license": "MIT",
      "funding": {
        "type": "opencollective",
        "url": "https://opencollective.com/core-js"
      }
    },
    "node_modules/delayed-stream": {
      "version": "1.0.0",
      "resolved": "https://registry.npmjs.org/delayed-stream/-/delayed-stream-1.0.0.tgz",
      "integrity": "sha512-ZySD7Nf91aLB0RxL4KGrKHBXl7Eds1DAmEdcoVawXnLD7SDhpNgtuII2aAkg7a7QS41jxPSZ17p4VdGnMHk3MQ==",
      "license": "MIT",
      "engines": {
        "node": ">=0.4.0"
      }
    },
    "node_modules/dunder-proto": {
      "version": "1.0.1",
      "resolved": "https://registry.npmjs.org/dunder-proto/-/dunder-proto-1.0.1.tgz",
      "integrity": "sha512-KIN/nDJBQRcXw0MLVhZE9iQHmG68qAVIBg9CqmUYjmQIhgij9U5MFvrqkUL5FbtyyzZuOeOt0zdeRe4UY7ct+A==",
      "license": "MIT",
      "dependencies": {
        "call-bind-apply-helpers": "^1.0.1",
        "es-errors": "^1.3.0",
        "gopd": "^1.2.0"
      },
      "engines": {
        "node": ">= 0.4"
      }
    },
    "node_modules/es-define-property": {
      "version": "1.0.1",
      "resolved": "https://registry.npmjs.org/es-define-property/-/es-define-property-1.0.1.tgz",
      "integrity": "sha512-e3nRfgfUZ4rNGL232gUgX06QNyyez04KdjFrF+LTRoOXmrOgFKDg4BCdsjW8EnT69eqdYGmRpJwiPVYNrCaW3g==",
      "license": "MIT",
      "engines": {
        "node": ">= 0.4"
      }
    },
    "node_modules/es-errors": {
      "version": "1.3.0",
      "resolved": "https://registry.npmjs.org/es-errors/-/es-errors-1.3.0.tgz",
      "integrity": "sha512-Zf5H2Kxt2xjTvbJvP2ZWLEICxA6j+hAmMzIlypy4xcBg1vKVnx89Wy0GbS+kf5cwCVFFzdCFh2XSCFNULS6csw==",
      "license": "MIT",
      "engines": {
        "node": ">= 0.4"
      }
    },
    "node_modules/es-object-atoms": {
      "version": "1.1.1",
      "resolved": "https://registry.npmjs.org/es-object-atoms/-/es-object-atoms-1.1.1.tgz",
      "integrity": "sha512-FGgH2h8zKNim9ljj7dankFPcICIK9Cp5bm+c2gQSYePhpaG5+esrLODihIorn+Pe6FGJzWhXQotPv73jTaldXA==",
      "license": "MIT",
      "dependencies": {
        "es-errors": "^1.3.0"
      },
      "engines": {
        "node": ">= 0.4"
      }
    },
    "node_modules/es-set-tostringtag": {
      "version": "2.1.0",
      "resolved": "https://registry.npmjs.org/es-set-tostringtag/-/es-set-tostringtag-2.1.0.tgz",
      "integrity": "sha512-j6vWzfrGVfyXxge+O0x5sh6cvxAog0a/4Rdd2K36zCMV5eJ+/+tOAngRO8cODMNWbVRdVlmGZQL2YS3yR8bIUA==",
      "license": "MIT",
      "dependencies": {
        "es-errors": "^1.3.0",
        "get-intrinsic": "^1.2.6",
        "has-tostringtag": "^1.0.2",
        "hasown": "^2.0.2"
      },
      "engines": {
        "node": ">= 0.4"
      }
    },
    "node_modules/follow-redirects": {
      "version": "1.15.11",
      "resolved": "https://registry.npmjs.org/follow-redirects/-/follow-redirects-1.15.11.tgz",
      "integrity": "sha512-deG2P0JfjrTxl50XGCDyfI97ZGVCxIpfKYmfyrQ54n5FO/0gfIES8C/Psl6kWVDolizcaaxZJnTS0QSMxvnsBQ==",
      "funding": [
        {
          "type": "individual",
          "url": "https://github.com/sponsors/RubenVerborgh"
        }
      ],
      "license": "MIT",
      "engines": {
        "node": ">=4.0"
      },
      "peerDependenciesMeta": {
        "debug": {
          "optional": true
        }
      }
    },
    "node_modules/form-data": {
      "version": "4.0.5",
      "resolved": "https://registry.npmjs.org/form-data/-/form-data-4.0.5.tgz",
      "integrity": "sha512-8RipRLol37bNs2bhoV67fiTEvdTrbMUYcFTiy3+wuuOnUog2QBHCZWXDRijWQfAkhBj2Uf5UnVaiWwA5vdd82w==",
      "license": "MIT",
      "dependencies": {
        "asynckit": "^0.4.0",
        "combined-stream": "^1.0.8",
        "es-set-tostringtag": "^2.1.0",
        "hasown": "^2.0.2",
        "mime-types": "^2.1.12"
      },
      "engines": {
        "node": ">= 6"
      }
    },
    "node_modules/function-bind": {
      "version": "1.1.2",
      "resolved": "https://registry.npmjs.org/function-bind/-/function-bind-1.1.2.tgz",
      "integrity": "sha512-7XHNxH7qX9xG5mIwxkhumTox/MIRNcOgDrxWsMt2pAr23WHp6MrRlN7FBSFpCpr+oVO0F744iUgR82nJMfG2SA==",
      "license": "MIT",
      "funding": {
        "url": "https://github.com/sponsors/ljharb"
      }
    },
    "node_modules/get-intrinsic": {
      "version": "1.3.0",
      "resolved": "https://registry.npmjs.org/get-intrinsic/-/get-intrinsic-1.3.0.tgz",
      "integrity": "sha512-9fSjSaos/fRIVIp+xSJlE6lfwhES7LNtKaCBIamHsjr2na1BiABJPo0mOjjz8GJDURarmCPGqaiVg5mfjb98CQ==",
      "license": "MIT",
      "dependencies": {
        "call-bind-apply-helpers": "^1.0.2",
        "es-define-property": "^1.0.1",
        "es-errors": "^1.3.0",
        "es-object-atoms": "^1.1.1",
        "function-bind": "^1.1.2",
        "get-proto": "^1.0.1",
        "gopd": "^1.2.0",
        "has-symbols": "^1.1.0",
        "hasown": "^2.0.2",
        "math-intrinsics": "^1.1.0"
      },
      "engines": {
        "node": ">= 0.4"
      },
      "funding": {
        "url": "https://github.com/sponsors/ljharb"
      }
    },
    "node_modules/get-proto": {
      "version": "1.0.1",
      "resolved": "https://registry.npmjs.org/get-proto/-/get-proto-1.0.1.tgz",
      "integrity": "sha512-sTSfBjoXBp89JvIKIefqw7U2CCebsc74kiY6awiGogKtoSGbgjYE/G/+l9sF3MWFPNc9IcoOC4ODfKHfxFmp0g==",
      "license": "MIT",
      "dependencies": {
        "dunder-proto": "^1.0.1",
        "es-object-atoms": "^1.0.0"
      },
      "engines": {
        "node": ">= 0.4"
      }
    },
    "node_modules/gopd": {
      "version": "1.2.0",
      "resolved": "https://registry.npmjs.org/gopd/-/gopd-1.2.0.tgz",
      "integrity": "sha512-ZUKRh6/kUFoAiTAtTYPZJ3hw9wNxx+BIBOijnlG9PnrJsCcSjs1wyyD6vJpaYtgnzDrKYRSqf3OO6Rfa93xsRg==",
      "license": "MIT",
      "engines": {
        "node": ">= 0.4"
      },
      "funding": {
        "url": "https://github.com/sponsors/ljharb"
      }
    },
    "node_modules/has-symbols": {
      "version": "1.1.0",
      "resolved": "https://registry.npmjs.org/has-symbols/-/has-symbols-1.1.0.tgz",
      "integrity": "sha512-1cDNdwJ2Jaohmb3sg4OmKaMBwuC48sYni5HUw2DvsC8LjGTLK9h+eb1X6RyuOHe4hT0ULCW68iomhjUoKUqlPQ==",
      "license": "MIT",
      "engines": {
        "node": ">= 0.4"
      },
      "funding": {
        "url": "https://github.com/sponsors/ljharb"
      }
    },
    "node_modules/has-tostringtag": {
      "version": "1.0.2",
      "resolved": "https://registry.npmjs.org/has-tostringtag/-/has-tostringtag-1.0.2.tgz",
      "integrity": "sha512-NqADB8VjPFLM2V0VvHUewwwsw0ZWBaIdgo+ieHtK3hasLz4qeCRjYcqfB6AQrBggRKppKF8L52/VqdVsO47Dlw==",
      "license": "MIT",
      "dependencies": {
        "has-symbols": "^1.0.3"
      },
      "engines": {
        "node": ">= 0.4"
      },
      "funding": {
        "url": "https://github.com/sponsors/ljharb"
      }
    },
    "node_modules/hasown": {
      "version": "2.0.2",
      "resolved": "https://registry.npmjs.org/hasown/-/hasown-2.0.2.tgz",
      "integrity": "sha512-0hJU9SCPvmMzIBdZFqNPXWa6dqh7WdH0cII9y+CyS8rG3nL48Bclra9HmKhVVUHyPWNH5Y7xDwAB7bfgSjkUMQ==",
      "license": "MIT",
      "dependencies": {
        "function-bind": "^1.1.2"
      },
      "engines": {
        "node": ">= 0.4"
      }
    },
    "node_modules/math-intrinsics": {
      "version": "1.1.0",
      "resolved": "https://registry.npmjs.org/math-intrinsics/-/math-intrinsics-1.1.0.tgz",
      "integrity": "sha512-/IXtbwEk5HTPyEwyKX6hGkYXxM9nbj64B+ilVJnC/R6B0pH5G4V3b0pVbL7DBj4tkhBAppbQUlf6F6Xl9LHu1g==",
      "license": "MIT",
      "engines": {
        "node": ">= 0.4"
      }
    },
    "node_modules/mime-db": {
      "version": "1.52.0",
      "resolved": "https://registry.npmjs.org/mime-db/-/mime-db-1.52.0.tgz",
      "integrity": "sha512-sPU4uV7dYlvtWJxwwxHD0PuihVNiE7TyAbQ5SWxDCB9mUYvOgroQOwYQQOKPJ8CIbE+1ETVlOoK1UC2nU3gYvg==",
      "license": "MIT",
      "engines": {
        "node": ">= 0.6"
      }
    },
    "node_modules/mime-types": {
      "version": "2.1.35",
      "resolved": "https://registry.npmjs.org/mime-types/-/mime-types-2.1.35.tgz",
      "integrity": "sha512-ZDY+bPm5zTTF+YpCrAU9nK0UgICYPT0QtT1NZWFv4s++TNkcgVaT0g6+4R2uI4MjQjzysHB1zxuWL50hzaeXiw==",
      "license": "MIT",
      "dependencies": {
        "mime-db": "1.52.0"
      },
      "engines": {
        "node": ">= 0.6"
      }
    },
    "node_modules/picomatch": {
      "version": "4.0.3",
      "resolved": "https://registry.npmjs.org/picomatch/-/picomatch-4.0.3.tgz",
      "integrity": "sha512-5gTmgEY/sqK6gFXLIsQNH19lWb4ebPDLA4SdLP7dsWkIXHWlG66oPuVvXSGFPppYZz8ZDZq0dYYrbHfBCVUb1Q==",
      "license": "MIT",
      "engines": {
        "node": ">=12"
      },
      "funding": {
        "url": "https://github.com/sponsors/jonschlinkert"
      }
    },
    "node_modules/process": {
      "version": "0.11.10",
      "resolved": "https://registry.npmjs.org/process/-/process-0.11.10.tgz",
      "integrity": "sha512-cdGef/drWFoydD1JsMzuFf8100nZl+GT+yacc2bEced5f9Rjk4z+WtFUTBu9PhOi9j/jfmBPu0mMEY4wIdAF8A==",
      "license": "MIT",
      "engines": {
        "node": ">= 0.6.0"
      }
    },
    "node_modules/proxy-from-env": {
      "version": "1.1.0",
      "resolved": "https://registry.npmjs.org/proxy-from-env/-/proxy-from-env-1.1.0.tgz",
      "integrity": "sha512-D+zkORCbA9f1tdWRK0RaCR3GPv50cMxcrz4X8k5LTSUD1Dkw47mKJEZQNunItRTkWwgtaUSo1RVFRIG9ZXiFYg==",
      "license": "MIT"
    },
    "node_modules/ramda": {
      "version": "0.32.0",
      "resolved": "https://registry.npmjs.org/ramda/-/ramda-0.32.0.tgz",
      "integrity": "sha512-GQWAHhxhxWBWA8oIBr1XahFVjQ9Fic6MK9ikijfd4TZHfE2+urfk+irVlR5VOn48uwMgM+loRRBJd6Yjsbc0zQ==",
      "license": "MIT",
      "peer": true,
      "funding": {
        "type": "opencollective",
        "url": "https://opencollective.com/ramda"
      }
    },
    "node_modules/ramda-adjunct": {
      "version": "6.0.0",
      "resolved": "https://registry.npmjs.org/ramda-adjunct/-/ramda-adjunct-6.0.0.tgz",
      "integrity": "sha512-mdGCk0Gj3nQQ7lJ2XfuOFsc3GtfAn5jJWcQ/FuEPvP8E+gaXQ+z+3y/HtKGoYkrOWgE645VCdK54GNvKkXYQlw==",
      "license": "BSD-3-Clause",
      "engines": {
        "node": ">=0.10.3"
      },
      "funding": {
        "type": "opencollective",
        "url": "https://opencollective.com/ramda-adjunct"
      },
      "peerDependencies": {
        "ramda": ">= 0.32.0"
      }
    },
    "node_modules/short-unique-id": {
      "version": "5.3.2",
      "resolved": "https://registry.npmjs.org/short-unique-id/-/short-unique-id-5.3.2.tgz",
      "integrity": "sha512-KRT/hufMSxXKEDSQujfVE0Faa/kZ51ihUcZQAcmP04t00DvPj7Ox5anHke1sJYUtzSuiT/Y5uyzg/W7bBEGhCg==",
      "license": "Apache-2.0",
      "bin": {
        "short-unique-id": "bin/short-unique-id",
        "suid": "bin/short-unique-id"
      }
    },
    "node_modules/ts-mixer": {
      "version": "6.0.4",
      "resolved": "https://registry.npmjs.org/ts-mixer/-/ts-mixer-6.0.4.tgz",
      "integrity": "sha512-ufKpbmrugz5Aou4wcr5Wc1UUFWOLhq+Fm6qa6P0w0K5Qw2yhaUoiWszhCVuNQyNwrlGiscHOmqYoAox1PtvgjA==",
      "license": "MIT"
    },
    "node_modules/unraw": {
      "version": "3.0.0",
      "resolved": "https://registry.npmjs.org/unraw/-/unraw-3.0.0.tgz",
      "integrity": "sha512-08/DA66UF65OlpUDIQtbJyrqTR0jTAlJ+jsnkQ4jxR7+K5g5YG1APZKQSMCE1vqqmD+2pv6+IdEjmopFatacvg==",
      "license": "MIT"
    },
    "node_modules/vscode-languageserver-types": {
      "version": "3.17.5",
      "resolved": "https://registry.npmjs.org/vscode-languageserver-types/-/vscode-languageserver-types-3.17.5.tgz",
      "integrity": "sha512-Ld1VelNuX9pdF39h2Hgaeb5hEZM2Z3jUrrMgWQAu82jMtZp7p3vJT3BzToKtZI7NgQssZje5o0zryOrhQvzQAg==",
      "license": "MIT"
    },
    "node_modules/web-tree-sitter": {
      "version": "0.26.6",
      "resolved": "https://registry.npmjs.org/web-tree-sitter/-/web-tree-sitter-0.26.6.tgz",
      "integrity": "sha512-fSPR7VBW/fZQdUSp/bXTDLT+i/9dwtbnqgEBMzowrM4U3DzeCwDbY3MKo0584uQxID4m/1xpLflrlT/rLIRPew==",
      "license": "MIT"
    },
    "node_modules/yaml": {
      "version": "2.8.2",
      "resolved": "https://registry.npmjs.org/yaml/-/yaml-2.8.2.tgz",
      "integrity": "sha512-mplynKqc1C2hTVYxd0PU2xQAc22TI1vShAYGksCCfxbn/dFwnHTNi1bvYsBTkhdUNtGIf5xNOg938rrSSYvS9A==",
      "license": "ISC",
      "bin": {
        "yaml": "bin.mjs"
      },
      "engines": {
        "node": ">= 14.6"
      },
      "funding": {
        "url": "https://github.com/sponsors/eemeli"
      }
    }
  }
}
